
Microsoft Visual Studio Solution File, Format Version 12.00
# Visual Studio Version 17
VisualStudioVersion = 17.1.32228.430
MinimumVisualStudioVersion = 10.0.40219.1
Project("{9A19103F-16F7-4668-BE54-9A1E7A4F7556}") = "MediatR.FrameWork.Practice", "MediatR.FrameWork\MediatR.FrameWork\MediatR.FrameWork.Practice.csproj", "{DB2EF7CD-D20E-406A-A4A0-6C00DF7D58D7}"
EndProject
Project("{2150E333-8FDC-42A3-9474-1A3956D46DE8}") = "MediatR.FrameWork", "MediatR.FrameWork", "{C8749D6C-F5C9-444D-88D4-6C3D6F9EC633}"
EndProject
Project("{2150E333-8FDC-42A3-9474-1A3956D46DE8}") = "AspNetCore.JWT", "AspNetCore.JWT", "{52A12FFE-2B84-4530-88AA-B17F920DA030}"
EndProject
Project("{9A19103F-16F7-4668-BE54-9A1E7A4F7556}") = "AspNetCore.JWT", "AspNetCore.JWT\AspNetCore.JWT.csproj", "{D99AE553-4F21-4880-BDEE-7620A332DB2B}"
EndProject
Project("{2150E333-8FDC-42A3-9474-1A3956D46DE8}") = "EPPlus.FrameWork", "EPPlus.FrameWork", "{671F3AA2-C1A2-4C24-A40E-572C2C24447E}"
EndProject
Project("{9A19103F-16F7-4668-BE54-9A1E7A4F7556}") = "EPPlus.FrameWork.Practice", "EPPlus.FrameWork\EPPlus.FrameWork.Practice\EPPlus.FrameWork.Practice.csproj", "{1A9A62E8-2790-4A5D-9326-3C7B469F820B}"
EndProject
Project("{2150E333-8FDC-42A3-9474-1A3956D46DE8}") = "AspNetCore.Log", "AspNetCore.Log", "{BD188513-A02A-4231-A509-709E04E06A02}"
EndProject
Project("{9A19103F-16F7-4668-BE54-9A1E7A4F7556}") = "AspNetCore.Log.Practice", "AspNetCore.Log\AspNetCore.Log.Practice\AspNetCore.Log.Practice.csproj", "{E45522E5-6934-49F1-8F52-D8C1BF6619A9}"
EndProject
Project("{2150E333-8FDC-42A3-9474-1A3956D46DE8}") = "Doc", "Doc", "{0AF49E0E-46C7-412A-AFF4-F48E0680CC38}"
	ProjectSection(SolutionItems) = preProject
		Enable Asp.Net Core Source Code to debug.txt = Enable Asp.Net Core Source Code to debug.txt
	EndProjectSection
EndProject
Project("{2150E333-8FDC-42A3-9474-1A3956D46DE8}") = "AspNetCore.Options", "AspNetCore.Options", "{05DBA937-5B6E-4FDC-9F43-4155696B4964}"
EndProject
Project("{9A19103F-16F7-4668-BE54-9A1E7A4F7556}") = "AspNetCore.Options.Bind.Practice", "AspNetCore.Options\AspNetCore.Options.Bind.Practice\AspNetCore.Options.Bind.Practice.csproj", "{BC8BC4FB-9008-4494-AF0D-6E4D31386B15}"
EndProject
Project("{9A19103F-16F7-4668-BE54-9A1E7A4F7556}") = "Log.Project", "AspNetCore.Log\Log.Project\Log.Project.csproj", "{919CAB70-1CB8-4CF7-9764-1CC6A7EE628F}"
EndProject
Project("{9A19103F-16F7-4668-BE54-9A1E7A4F7556}") = "Log.Scope.Project", "AspNetCore.Log\Log.Scope.Project\Log.Scope.Project.csproj", "{917AE32C-5195-462D-A99E-D732183EF33A}"
EndProject
Project("{9A19103F-16F7-4668-BE54-9A1E7A4F7556}") = "AspNetCore.Serilog", "AspNetCore.Log\AspNetCore.Serilog\AspNetCore.Serilog.csproj", "{03026168-A66A-4BE7-930E-CCAC5FC5EED5}"
EndProject
Project("{2150E333-8FDC-42A3-9474-1A3956D46DE8}") = "03-AspNetCore.Middleware", "03-AspNetCore.Middleware", "{64EAD733-6E08-4A4A-AE0E-B22894AC3642}"
	ProjectSection(SolutionItems) = preProject
		中间件.txt = 中间件.txt
	EndProjectSection
EndProject
Project("{9A19103F-16F7-4668-BE54-9A1E7A4F7556}") = "AspNetCore.Middleware", "Fundamentals\03-AspNetCore.Middleware\AspNetCore.Middleware\AspNetCore.Middleware.csproj", "{947EEC82-13EB-4D2E-B05F-D4E14DDB697E}"
EndProject
Project("{2150E333-8FDC-42A3-9474-1A3956D46DE8}") = "AspNetCore.ExceptionHandle", "AspNetCore.ExceptionHandle", "{97B4988B-E1AC-46ED-BC20-0CF925BBFCAF}"
	ProjectSection(SolutionItems) = preProject
		doc.txt = doc.txt
	EndProjectSection
EndProject
Project("{9A19103F-16F7-4668-BE54-9A1E7A4F7556}") = "AspNetCore.ExceptionHandle", "AspNetCore.ExceptionHandle\AspNetCore.ExceptionHandle\AspNetCore.ExceptionHandle.csproj", "{A9381237-5BC6-4F45-96A9-94DA79F6537C}"
EndProject
Project("{2150E333-8FDC-42A3-9474-1A3956D46DE8}") = "Window.ManualResetEventSlim", "Window.ManualResetEventSlim", "{F9C1278E-43E0-4654-A8EC-73B93C59EFFA}"
EndProject
Project("{9A19103F-16F7-4668-BE54-9A1E7A4F7556}") = "Window.ManualResetEventSlim.Practice", "Window.ManualResetEventSlim\Window.ManualResetEventSlim.Practice\Window.ManualResetEventSlim.Practice.csproj", "{48EC4989-7FAA-4642-84C5-D255B99BEC17}"
EndProject
Project("{2150E333-8FDC-42A3-9474-1A3956D46DE8}") = "AspNetCore.StaticFileMiddle", "AspNetCore.StaticFileMiddle", "{A00C6D8E-26C2-42B0-9763-002053B80AC4}"
EndProject
Project("{9A19103F-16F7-4668-BE54-9A1E7A4F7556}") = "AspNetCore.StaticFileMiddle.Pratice", "AspNetCore.StaticFileMiddle\AspNetCore.StaticFileMiddle.Pratice\AspNetCore.StaticFileMiddle.Pratice.csproj", "{71C2313D-9FB7-4954-A25C-39DF7C3C3409}"
EndProject
Project("{2150E333-8FDC-42A3-9474-1A3956D46DE8}") = "AspNetCore.FileProvider", "AspNetCore.FileProvider", "{A7B15901-38A8-4DE2-B944-7F2CAE0B22A3}"
EndProject
Project("{9A19103F-16F7-4668-BE54-9A1E7A4F7556}") = "AspNetCore.FileProvider.Practice", "AspNetCore.FileProvider\AspNetCore.FileProvider.Practice\AspNetCore.FileProvider.Practice.csproj", "{852A2450-27A8-4B6A-8968-0D4F80357618}"
EndProject
Project("{9A19103F-16F7-4668-BE54-9A1E7A4F7556}") = "AspNetCore.Options.Practice", "AspNetCore.Options\AspNetCore.Options.Practice\AspNetCore.Options.Practice.csproj", "{44E2D1E5-B164-46E2-8324-C9EC44C4998A}"
EndProject
Project("{2150E333-8FDC-42A3-9474-1A3956D46DE8}") = "AspNetCore.Startup", "AspNetCore.Startup", "{9BE170B6-EFB2-4DAB-80B8-256CE09CB280}"
EndProject
Project("{9A19103F-16F7-4668-BE54-9A1E7A4F7556}") = "AspNetCore.Startup.Practice", "AspNetCore.Startup\AspNetCore.Startup.Practice\AspNetCore.Startup.Practice.csproj", "{369346CD-0194-4C29-8E26-8DC940FE323B}"
EndProject
Project("{9A19103F-16F7-4668-BE54-9A1E7A4F7556}") = "AspNetCore.Options.Validation.Practice", "AspNetCore.Options\AspNetCore.Options.Validation.Practice\AspNetCore.Options.Validation.Practice.csproj", "{9F5993F0-7A1C-4598-AA90-031BAE44B958}"
EndProject
Project("{9A19103F-16F7-4668-BE54-9A1E7A4F7556}") = "AspNetCore.ExceptionHandle.Pratice", "AspNetCore.ExceptionHandle\AspNetCore.ExceptionHandle.Pratice\AspNetCore.ExceptionHandle.Pratice.csproj", "{03529777-DFC6-4AD8-84BC-77F50256B571}"
EndProject
Project("{2150E333-8FDC-42A3-9474-1A3956D46DE8}") = "AspNetCore.MakeHttpRequest", "AspNetCore.MakeHttpRequest", "{8038F662-3EE7-49DB-A14A-CDAEA13C42E1}"
EndProject
Project("{9A19103F-16F7-4668-BE54-9A1E7A4F7556}") = "AspNetCore.MakeHttpRequest.Practice", "AspNetCore.MakeHttpRequest\AspNetCore.MakeHttpRequest.Practice\AspNetCore.MakeHttpRequest.Practice.csproj", "{D239DE59-E5F7-48E8-A669-19ABB5F1803F}"
EndProject
Project("{9A19103F-16F7-4668-BE54-9A1E7A4F7556}") = "AspNetCore.UsingHttpClient.Practice", "AspNetCore.MakeHttpRequest\AspNetCore.UsingHttpClient.Practice\AspNetCore.UsingHttpClient.Practice.csproj", "{A75CBB66-5618-47BA-B013-E4E178DE168F}"
EndProject
Project("{9A19103F-16F7-4668-BE54-9A1E7A4F7556}") = "AspNetCore.UsingHttpVerb.Practice", "AspNetCore.MakeHttpRequest\AspNetCore.UsingHttpVerb.Practice\AspNetCore.UsingHttpVerb.Practice.csproj", "{49EB56C2-C807-489E-AF68-BAED91980C31}"
EndProject
Project("{2150E333-8FDC-42A3-9474-1A3956D46DE8}") = "OrchardCore", "OrchardCore", "{C74B4A94-4217-40FF-A8EF-7E5271AA7E5A}"
EndProject
Project("{9A19103F-16F7-4668-BE54-9A1E7A4F7556}") = "CMS.Web", "OrchardCore\CMS.Web\CMS.Web.csproj", "{4E5A25BE-31D9-4712-BB46-FE969EEBB023}"
EndProject
Project("{9A19103F-16F7-4668-BE54-9A1E7A4F7556}") = "AspNetCore.StaticFiles", "AspNetCore.StaticFileMiddle\AspNetCore.StaticFiles\AspNetCore.StaticFiles.csproj", "{DF9762E7-A493-4718-BA82-EDBA2C86D4ED}"
EndProject
Project("{2150E333-8FDC-42A3-9474-1A3956D46DE8}") = "AspNetCore.Route", "AspNetCore.Route", "{AB433611-1EF7-4A7C-9C81-866625866725}"
EndProject
Project("{9A19103F-16F7-4668-BE54-9A1E7A4F7556}") = "AspNetCore.Route", "AspNetCore.Route\AspNetCore.Route\AspNetCore.Route.csproj", "{8BCF1BB0-464B-41DA-AEE5-9FF7F5C03287}"
EndProject
Project("{2150E333-8FDC-42A3-9474-1A3956D46DE8}") = "Thread", "Thread", "{2C6ABEFA-CDB5-4F43-B77C-85F3E638AD44}"
EndProject
Project("{9A19103F-16F7-4668-BE54-9A1E7A4F7556}") = "Thread", "Thread\Thread.csproj", "{77A03321-EED2-4420-BD70-1D847E47E125}"
EndProject
Project("{9A19103F-16F7-4668-BE54-9A1E7A4F7556}") = "ThreadPool", "ThreadPool\ThreadPool.csproj", "{4F3CA718-C2BF-4A91-8EB6-D58F39218CC6}"
EndProject
Project("{2150E333-8FDC-42A3-9474-1A3956D46DE8}") = "Spider", "Spider", "{EB28097F-A219-4C3B-A145-4E89DDED6683}"
EndProject
Project("{9A19103F-16F7-4668-BE54-9A1E7A4F7556}") = "Spider", "Spider\Spider.csproj", "{889A41A8-E06A-4647-BEB0-3E8E4F7122D6}"
EndProject
Project("{9A19103F-16F7-4668-BE54-9A1E7A4F7556}") = "SocketClient", "SocketClient\SocketClient.csproj", "{E9FDCF20-02F4-4067-96F3-94C50A844426}"
EndProject
Project("{2150E333-8FDC-42A3-9474-1A3956D46DE8}") = "Socket", "Socket", "{ECA94CAE-6395-4A83-8E0A-46079A255CCE}"
EndProject
Project("{9A19103F-16F7-4668-BE54-9A1E7A4F7556}") = "SocketServer", "SocketServer\SocketServer.csproj", "{D1F7E9A8-9479-46BC-ACAE-580874815C65}"
EndProject
Project("{2150E333-8FDC-42A3-9474-1A3956D46DE8}") = "CSharp", "CSharp", "{E6F9B6BF-15B1-4DDB-BC20-634773C1A663}"
EndProject
Project("{9A19103F-16F7-4668-BE54-9A1E7A4F7556}") = "CSharpOverrideNew", "CSharp\CSharpOverrideNew\CSharpOverrideNew.csproj", "{1E88604F-1137-45A1-81C7-D29032B1B984}"
EndProject
Project("{9A19103F-16F7-4668-BE54-9A1E7A4F7556}") = "CSharpBase", "CSharp\CSharpBase\CSharpBase.csproj", "{BBF6C4A9-33E7-4A15-8CB0-2E4792B75E7D}"
EndProject
Project("{9A19103F-16F7-4668-BE54-9A1E7A4F7556}") = "CSharpAbstract", "CSharp\CSharpAbstract\CSharpAbstract.csproj", "{078129D5-B62E-460B-96B5-5FA38582122D}"
EndProject
Project("{9A19103F-16F7-4668-BE54-9A1E7A4F7556}") = "CSharpConst", "CSharp\CSharpConst\CSharpConst.csproj", "{8A61BE9F-3B13-4849-B848-155263E7489C}"
EndProject
Project("{9A19103F-16F7-4668-BE54-9A1E7A4F7556}") = "CSharpReadOnly", "CSharp\CSharpReadOnly\CSharpReadOnly.csproj", "{DCC53FF0-4971-4CA9-8A6A-3311BAC1F209}"
EndProject
Project("{9A19103F-16F7-4668-BE54-9A1E7A4F7556}") = "CSharpEvent", "CSharp\CSharpEvent\CSharpEvent.csproj", "{43B38205-8368-446C-9541-EDDDB2369ACA}"
EndProject
Project("{9A19103F-16F7-4668-BE54-9A1E7A4F7556}") = "CSharpIn", "CSharp\CSharpIn\CSharpIn.csproj", "{5A006E4C-38D2-4811-80DE-1D1BE0507A08}"
EndProject
Project("{9A19103F-16F7-4668-BE54-9A1E7A4F7556}") = "CSharpNew", "CSharp\CSharpNew\CSharpNew.csproj", "{039CEF44-4CE2-409A-ACA7-71EB6EEF1D41}"
EndProject
Project("{9A19103F-16F7-4668-BE54-9A1E7A4F7556}") = "CSharpOut", "CSharp\CSharpOut\CSharpOut.csproj", "{1AD57972-3CDC-4337-89F2-7E299AF9DCCC}"
EndProject
Project("{9A19103F-16F7-4668-BE54-9A1E7A4F7556}") = "Net6Route", "AspNetCore.Route\Net6Route\Net6Route.csproj", "{54383456-755A-4D60-A39A-C0B76A09FFCF}"
EndProject
Project("{2150E333-8FDC-42A3-9474-1A3956D46DE8}") = "Fundamentals", "Fundamentals", "{9191ADFA-8918-46BF-9DEB-5351A72FC84B}"
EndProject
Project("{2150E333-8FDC-42A3-9474-1A3956D46DE8}") = "01-AspNetCore.OverView", "01-AspNetCore.OverView", "{130B405E-B50B-443E-A919-674CC9E7FA9D}"
EndProject
Project("{9A19103F-16F7-4668-BE54-9A1E7A4F7556}") = "AspNetCore6.OverView", "Fundamentals\01-AspNetCore.OverView\AspNetCore.OverView\AspNetCore6.OverView.csproj", "{F939966A-62B5-490D-B54B-8B82BCAE4914}"
EndProject
Project("{2150E333-8FDC-42A3-9474-1A3956D46DE8}") = "02-AspNetCore.DependencyInjection", "02-AspNetCore.DependencyInjection", "{F9856C07-A857-4DB7-9323-F58B9513CCA9}"
	ProjectSection(SolutionItems) = preProject
		依赖注入.txt = 依赖注入.txt
	EndProjectSection
EndProject
Project("{9A19103F-16F7-4668-BE54-9A1E7A4F7556}") = "AspNetCore6.DependencyInjection", "Fundamentals\02-AspNetCore.DependencyInjection\AspNetCore6.DependencyInjection\AspNetCore6.DependencyInjection.csproj", "{71BD22B7-F35E-4463-958E-3C9523F3051B}"
EndProject
Project("{9A19103F-16F7-4668-BE54-9A1E7A4F7556}") = "AspNetCore6.ObjectDisposeFromContainer", "Fundamentals\02-AspNetCore.DependencyInjection\AspNetCore6.ObjectDisposeFromContainer\AspNetCore6.ObjectDisposeFromContainer.csproj", "{F7874E47-992B-4024-A321-DF74288406E9}"
EndProject
Project("{9A19103F-16F7-4668-BE54-9A1E7A4F7556}") = "AspNetCore6.FourWaysToDisposeIDisposables", "Fundamentals\02-AspNetCore.DependencyInjection\AspNetCore6.FourWaysToDisposeIDisposables\AspNetCore6.FourWaysToDisposeIDisposables.csproj", "{5BAB753E-548E-46F0-8FBF-1429B3A486AB}"
EndProject
Project("{2150E333-8FDC-42A3-9474-1A3956D46DE8}") = "04-AspNetCore.Host", "04-AspNetCore.Host", "{531B3AE7-3F2C-4EE5-BB7C-BE490BB64180}"
EndProject
Project("{9A19103F-16F7-4668-BE54-9A1E7A4F7556}") = "AspNetCore6.Middleware", "Fundamentals\03-AspNetCore.Middleware\AspNetCore6.Middleware\AspNetCore6.Middleware.csproj", "{057A0F82-37F3-4E05-9605-F37C1C8A82F2}"
EndProject
Project("{9A19103F-16F7-4668-BE54-9A1E7A4F7556}") = "AspNetCore6.BranchMiddlePipeline", "Fundamentals\03-AspNetCore.Middleware\AspNetCore6.BranchMiddlePipeline\AspNetCore6.BranchMiddlePipeline.csproj", "{972AC5A1-B910-447E-9630-C2F72567354F}"
EndProject
Project("{2150E333-8FDC-42A3-9474-1A3956D46DE8}") = "GRPC", "GRPC", "{7CF7B4BD-7EC7-4D40-BBB0-6B6CF1F13088}"
EndProject
Project("{9A19103F-16F7-4668-BE54-9A1E7A4F7556}") = "AspNetCore.GRPC.Server", "GRPC\AspNetCore.GRPC\AspNetCore.GRPC.Server.csproj", "{C6459550-828B-43EB-A062-988F42157316}"
EndProject
Project("{9A19103F-16F7-4668-BE54-9A1E7A4F7556}") = "GRPC.Client", "GRPC\GRPC.Client\GRPC.Client.csproj", "{4DA82B43-30DD-4135-8FC9-9A6BD09105F1}"
EndProject
Project("{9A19103F-16F7-4668-BE54-9A1E7A4F7556}") = "CSharpLinq", "CSharp\CSharpLinq\CSharpLinq.csproj", "{55583B89-1BD6-4912-855F-6B00FA7DA399}"
EndProject
Project("{9A19103F-16F7-4668-BE54-9A1E7A4F7556}") = "AspNetCore6.GenericHost", "Fundamentals\04-AspNetCore.Host\AspNetCore6.GenericHost\AspNetCore6.GenericHost.csproj", "{F58534DD-DC29-4E04-BD74-601968B8C866}"
EndProject
Project("{2150E333-8FDC-42A3-9474-1A3956D46DE8}") = "05-AspNetCore.Servers", "05-AspNetCore.Servers", "{DC592A7A-D047-4941-8429-F2AB317F6586}"
EndProject
Project("{9A19103F-16F7-4668-BE54-9A1E7A4F7556}") = "BackgroundTask", "Fundamentals\04-AspNetCore.Host\BackgroundTask\BackgroundTask.csproj", "{CC07369C-C152-4D07-9D85-1DA3A5A7CF7F}"
EndProject
Project("{2150E333-8FDC-42A3-9474-1A3956D46DE8}") = "06-AspNetCore.Configuration", "06-AspNetCore.Configuration", "{8F676163-7600-45EA-8899-C71A31E8F6D2}"
EndProject
Project("{2150E333-8FDC-42A3-9474-1A3956D46DE8}") = "07-AspNetCore.Options", "07-AspNetCore.Options", "{94401DDF-9986-4E93-A8C4-FB69DB7B2218}"
EndProject
Project("{9A19103F-16F7-4668-BE54-9A1E7A4F7556}") = "AspNetCore6.Configuration", "Fundamentals\06-AspNetCore.Configuration\AspNetCore6.Configuration\AspNetCore6.Configuration.csproj", "{A8376DC4-9501-45E1-B5FF-6FADDB6C763F}"
EndProject
Project("{9A19103F-16F7-4668-BE54-9A1E7A4F7556}") = "AspNetCore6.Options", "Fundamentals\07-AspNetCore.Options\AspNetCore6.Options\AspNetCore6.Options.csproj", "{8D3C03EE-28C0-4957-98BC-070DD647FB33}"
EndProject
Project("{9A19103F-16F7-4668-BE54-9A1E7A4F7556}") = "AspNetCore6.OptionsValidation", "Fundamentals\07-AspNetCore.Options\AspNetCore6.OptionsValidation\AspNetCore6.OptionsValidation.csproj", "{63B9FF6D-7FFF-4429-9DE8-72B2C3BBE73B}"
EndProject
Project("{2150E333-8FDC-42A3-9474-1A3956D46DE8}") = "08-AspNetCore.Environments", "08-AspNetCore.Environments", "{5A2389B7-0C06-42BC-9677-365264D7F6A6}"
EndProject
Project("{9A19103F-16F7-4668-BE54-9A1E7A4F7556}") = "AspNetCore6.Environments", "Fundamentals\08-AspNetCore.Environments\AspNetCore6.Environments\AspNetCore6.Environments.csproj", "{8B1FEE89-46AC-41DF-985D-76DF9B1E016E}"
EndProject
Project("{2150E333-8FDC-42A3-9474-1A3956D46DE8}") = "09-AspNetCore.Loging", "09-AspNetCore.Loging", "{2F46328B-07C0-4476-845C-D7DFE2F81B4F}"
EndProject
Project("{9A19103F-16F7-4668-BE54-9A1E7A4F7556}") = "AspNetCore6.Loging", "Fundamentals\09-AspNetCore.Loging\AspNetCore6.Loging\AspNetCore6.Loging.csproj", "{99FF8A49-2466-4582-BCC4-5334585EEE5B}"
EndProject
Project("{2150E333-8FDC-42A3-9474-1A3956D46DE8}") = "10-AspNetCore.Route", "10-AspNetCore.Route", "{3895ACFA-FFAB-4390-88F2-026236ED2F9C}"
EndProject
Project("{9A19103F-16F7-4668-BE54-9A1E7A4F7556}") = "CopyData", "Thread\CopyData\CopyData.csproj", "{FE56A901-C123-48E5-95F1-C0A6B03B747C}"
EndProject
Project("{9A19103F-16F7-4668-BE54-9A1E7A4F7556}") = "AspNetCore6.Route", "Fundamentals\10-AspNetCore.Route\AspNetCore6.Route\AspNetCore6.Route.csproj", "{5D4604F8-9DE1-4F65-B471-9CA526AA170C}"
EndProject
Project("{2150E333-8FDC-42A3-9474-1A3956D46DE8}") = "11-AspNetCore.HandleError", "11-AspNetCore.HandleError", "{A958E665-2F95-409B-B98D-A33E26706FE5}"
EndProject
Project("{2150E333-8FDC-42A3-9474-1A3956D46DE8}") = "12-AspNetCore.MakeHttpRequest", "12-AspNetCore.MakeHttpRequest", "{90282F6E-629A-4280-A57A-25F6A5A0B8C7}"
EndProject
Project("{2150E333-8FDC-42A3-9474-1A3956D46DE8}") = "13-AspNetCore.StaticFiles", "13-AspNetCore.StaticFiles", "{2C45688F-89E6-479F-A55A-9182790B61B2}"
EndProject
Project("{9A19103F-16F7-4668-BE54-9A1E7A4F7556}") = "AspNetCore6.HandleError", "Fundamentals\11-AspNetCore.HandleError\AspNetCore6.HandleError\AspNetCore6.HandleError.csproj", "{62716379-E6B6-4D14-B4A0-39E5D2F0332B}"
EndProject
Project("{9A19103F-16F7-4668-BE54-9A1E7A4F7556}") = "AspNetCore6.MVC.HandleError", "Fundamentals\11-AspNetCore.HandleError\AspNetCore6.MVC.HandleError\AspNetCore6.MVC.HandleError.csproj", "{EF153D98-273E-4EC5-98A2-EACFA91D2BD6}"
EndProject
Project("{9A19103F-16F7-4668-BE54-9A1E7A4F7556}") = "AspNetCore6.MakeHttpRequest", "Fundamentals\12-AspNetCore.MakeHttpRequest\AspNetCore6.MakeHttpRequest\AspNetCore6.MakeHttpRequest.csproj", "{73485E00-B2F8-4C18-954D-6F98EB4BF80D}"
EndProject
Global
	GlobalSection(SolutionConfigurationPlatforms) = preSolution
		Debug|Any CPU = Debug|Any CPU
		Release|Any CPU = Release|Any CPU
	EndGlobalSection
	GlobalSection(ProjectConfigurationPlatforms) = postSolution
		{DB2EF7CD-D20E-406A-A4A0-6C00DF7D58D7}.Debug|Any CPU.ActiveCfg = Debug|Any CPU
		{DB2EF7CD-D20E-406A-A4A0-6C00DF7D58D7}.Debug|Any CPU.Build.0 = Debug|Any CPU
		{DB2EF7CD-D20E-406A-A4A0-6C00DF7D58D7}.Release|Any CPU.ActiveCfg = Release|Any CPU
		{DB2EF7CD-D20E-406A-A4A0-6C00DF7D58D7}.Release|Any CPU.Build.0 = Release|Any CPU
		{D99AE553-4F21-4880-BDEE-7620A332DB2B}.Debug|Any CPU.ActiveCfg = Debug|Any CPU
		{D99AE553-4F21-4880-BDEE-7620A332DB2B}.Debug|Any CPU.Build.0 = Debug|Any CPU
		{D99AE553-4F21-4880-BDEE-7620A332DB2B}.Release|Any CPU.ActiveCfg = Release|Any CPU
		{D99AE553-4F21-4880-BDEE-7620A332DB2B}.Release|Any CPU.Build.0 = Release|Any CPU
		{1A9A62E8-2790-4A5D-9326-3C7B469F820B}.Debug|Any CPU.ActiveCfg = Debug|Any CPU
		{1A9A62E8-2790-4A5D-9326-3C7B469F820B}.Debug|Any CPU.Build.0 = Debug|Any CPU
		{1A9A62E8-2790-4A5D-9326-3C7B469F820B}.Release|Any CPU.ActiveCfg = Release|Any CPU
		{1A9A62E8-2790-4A5D-9326-3C7B469F820B}.Release|Any CPU.Build.0 = Release|Any CPU
		{E45522E5-6934-49F1-8F52-D8C1BF6619A9}.Debug|Any CPU.ActiveCfg = Debug|Any CPU
		{E45522E5-6934-49F1-8F52-D8C1BF6619A9}.Debug|Any CPU.Build.0 = Debug|Any CPU
		{E45522E5-6934-49F1-8F52-D8C1BF6619A9}.Release|Any CPU.ActiveCfg = Release|Any CPU
		{E45522E5-6934-49F1-8F52-D8C1BF6619A9}.Release|Any CPU.Build.0 = Release|Any CPU
		{BC8BC4FB-9008-4494-AF0D-6E4D31386B15}.Debug|Any CPU.ActiveCfg = Debug|Any CPU
		{BC8BC4FB-9008-4494-AF0D-6E4D31386B15}.Debug|Any CPU.Build.0 = Debug|Any CPU
		{BC8BC4FB-9008-4494-AF0D-6E4D31386B15}.Release|Any CPU.ActiveCfg = Release|Any CPU
		{BC8BC4FB-9008-4494-AF0D-6E4D31386B15}.Release|Any CPU.Build.0 = Release|Any CPU
		{919CAB70-1CB8-4CF7-9764-1CC6A7EE628F}.Debug|Any CPU.ActiveCfg = Debug|Any CPU
		{919CAB70-1CB8-4CF7-9764-1CC6A7EE628F}.Debug|Any CPU.Build.0 = Debug|Any CPU
		{919CAB70-1CB8-4CF7-9764-1CC6A7EE628F}.Release|Any CPU.ActiveCfg = Release|Any CPU
		{919CAB70-1CB8-4CF7-9764-1CC6A7EE628F}.Release|Any CPU.Build.0 = Release|Any CPU
		{917AE32C-5195-462D-A99E-D732183EF33A}.Debug|Any CPU.ActiveCfg = Debug|Any CPU
		{917AE32C-5195-462D-A99E-D732183EF33A}.Debug|Any CPU.Build.0 = Debug|Any CPU
		{917AE32C-5195-462D-A99E-D732183EF33A}.Release|Any CPU.ActiveCfg = Release|Any CPU
		{917AE32C-5195-462D-A99E-D732183EF33A}.Release|Any CPU.Build.0 = Release|Any CPU
		{03026168-A66A-4BE7-930E-CCAC5FC5EED5}.Debug|Any CPU.ActiveCfg = Debug|Any CPU
		{03026168-A66A-4BE7-930E-CCAC5FC5EED5}.Debug|Any CPU.Build.0 = Debug|Any CPU
		{03026168-A66A-4BE7-930E-CCAC5FC5EED5}.Release|Any CPU.ActiveCfg = Release|Any CPU
		{03026168-A66A-4BE7-930E-CCAC5FC5EED5}.Release|Any CPU.Build.0 = Release|Any CPU
		{947EEC82-13EB-4D2E-B05F-D4E14DDB697E}.Debug|Any CPU.ActiveCfg = Debug|Any CPU
		{947EEC82-13EB-4D2E-B05F-D4E14DDB697E}.Debug|Any CPU.Build.0 = Debug|Any CPU
		{947EEC82-13EB-4D2E-B05F-D4E14DDB697E}.Release|Any CPU.ActiveCfg = Release|Any CPU
		{947EEC82-13EB-4D2E-B05F-D4E14DDB697E}.Release|Any CPU.Build.0 = Release|Any CPU
		{A9381237-5BC6-4F45-96A9-94DA79F6537C}.Debug|Any CPU.ActiveCfg = Debug|Any CPU
		{A9381237-5BC6-4F45-96A9-94DA79F6537C}.Debug|Any CPU.Build.0 = Debug|Any CPU
		{A9381237-5BC6-4F45-96A9-94DA79F6537C}.Release|Any CPU.ActiveCfg = Release|Any CPU
		{A9381237-5BC6-4F45-96A9-94DA79F6537C}.Release|Any CPU.Build.0 = Release|Any CPU
		{48EC4989-7FAA-4642-84C5-D255B99BEC17}.Debug|Any CPU.ActiveCfg = Debug|Any CPU
		{48EC4989-7FAA-4642-84C5-D255B99BEC17}.Debug|Any CPU.Build.0 = Debug|Any CPU
		{48EC4989-7FAA-4642-84C5-D255B99BEC17}.Release|Any CPU.ActiveCfg = Release|Any CPU
		{48EC4989-7FAA-4642-84C5-D255B99BEC17}.Release|Any CPU.Build.0 = Release|Any CPU
		{71C2313D-9FB7-4954-A25C-39DF7C3C3409}.Debug|Any CPU.ActiveCfg = Debug|Any CPU
		{71C2313D-9FB7-4954-A25C-39DF7C3C3409}.Debug|Any CPU.Build.0 = Debug|Any CPU
		{71C2313D-9FB7-4954-A25C-39DF7C3C3409}.Release|Any CPU.ActiveCfg = Release|Any CPU
		{71C2313D-9FB7-4954-A25C-39DF7C3C3409}.Release|Any CPU.Build.0 = Release|Any CPU
		{852A2450-27A8-4B6A-8968-0D4F80357618}.Debug|Any CPU.ActiveCfg = Debug|Any CPU
		{852A2450-27A8-4B6A-8968-0D4F80357618}.Debug|Any CPU.Build.0 = Debug|Any CPU
		{852A2450-27A8-4B6A-8968-0D4F80357618}.Release|Any CPU.ActiveCfg = Release|Any CPU
		{852A2450-27A8-4B6A-8968-0D4F80357618}.Release|Any CPU.Build.0 = Release|Any CPU
		{44E2D1E5-B164-46E2-8324-C9EC44C4998A}.Debug|Any CPU.ActiveCfg = Debug|Any CPU
		{44E2D1E5-B164-46E2-8324-C9EC44C4998A}.Debug|Any CPU.Build.0 = Debug|Any CPU
		{44E2D1E5-B164-46E2-8324-C9EC44C4998A}.Release|Any CPU.ActiveCfg = Release|Any CPU
		{44E2D1E5-B164-46E2-8324-C9EC44C4998A}.Release|Any CPU.Build.0 = Release|Any CPU
		{369346CD-0194-4C29-8E26-8DC940FE323B}.Debug|Any CPU.ActiveCfg = Debug|Any CPU
		{369346CD-0194-4C29-8E26-8DC940FE323B}.Debug|Any CPU.Build.0 = Debug|Any CPU
		{369346CD-0194-4C29-8E26-8DC940FE323B}.Release|Any CPU.ActiveCfg = Release|Any CPU
		{369346CD-0194-4C29-8E26-8DC940FE323B}.Release|Any CPU.Build.0 = Release|Any CPU
		{9F5993F0-7A1C-4598-AA90-031BAE44B958}.Debug|Any CPU.ActiveCfg = Debug|Any CPU
		{9F5993F0-7A1C-4598-AA90-031BAE44B958}.Debug|Any CPU.Build.0 = Debug|Any CPU
		{9F5993F0-7A1C-4598-AA90-031BAE44B958}.Release|Any CPU.ActiveCfg = Release|Any CPU
		{9F5993F0-7A1C-4598-AA90-031BAE44B958}.Release|Any CPU.Build.0 = Release|Any CPU
		{03529777-DFC6-4AD8-84BC-77F50256B571}.Debug|Any CPU.ActiveCfg = Debug|Any CPU
		{03529777-DFC6-4AD8-84BC-77F50256B571}.Debug|Any CPU.Build.0 = Debug|Any CPU
		{03529777-DFC6-4AD8-84BC-77F50256B571}.Release|Any CPU.ActiveCfg = Release|Any CPU
		{03529777-DFC6-4AD8-84BC-77F50256B571}.Release|Any CPU.Build.0 = Release|Any CPU
		{D239DE59-E5F7-48E8-A669-19ABB5F1803F}.Debug|Any CPU.ActiveCfg = Debug|Any CPU
		{D239DE59-E5F7-48E8-A669-19ABB5F1803F}.Debug|Any CPU.Build.0 = Debug|Any CPU
		{D239DE59-E5F7-48E8-A669-19ABB5F1803F}.Release|Any CPU.ActiveCfg = Release|Any CPU
		{D239DE59-E5F7-48E8-A669-19ABB5F1803F}.Release|Any CPU.Build.0 = Release|Any CPU
		{A75CBB66-5618-47BA-B013-E4E178DE168F}.Debug|Any CPU.ActiveCfg = Debug|Any CPU
		{A75CBB66-5618-47BA-B013-E4E178DE168F}.Debug|Any CPU.Build.0 = Debug|Any CPU
		{A75CBB66-5618-47BA-B013-E4E178DE168F}.Release|Any CPU.ActiveCfg = Release|Any CPU
		{A75CBB66-5618-47BA-B013-E4E178DE168F}.Release|Any CPU.Build.0 = Release|Any CPU
		{49EB56C2-C807-489E-AF68-BAED91980C31}.Debug|Any CPU.ActiveCfg = Debug|Any CPU
		{49EB56C2-C807-489E-AF68-BAED91980C31}.Debug|Any CPU.Build.0 = Debug|Any CPU
		{49EB56C2-C807-489E-AF68-BAED91980C31}.Release|Any CPU.ActiveCfg = Release|Any CPU
		{49EB56C2-C807-489E-AF68-BAED91980C31}.Release|Any CPU.Build.0 = Release|Any CPU
		{4E5A25BE-31D9-4712-BB46-FE969EEBB023}.Debug|Any CPU.ActiveCfg = Debug|Any CPU
		{4E5A25BE-31D9-4712-BB46-FE969EEBB023}.Debug|Any CPU.Build.0 = Debug|Any CPU
		{4E5A25BE-31D9-4712-BB46-FE969EEBB023}.Release|Any CPU.ActiveCfg = Release|Any CPU
		{4E5A25BE-31D9-4712-BB46-FE969EEBB023}.Release|Any CPU.Build.0 = Release|Any CPU
		{DF9762E7-A493-4718-BA82-EDBA2C86D4ED}.Debug|Any CPU.ActiveCfg = Debug|Any CPU
		{DF9762E7-A493-4718-BA82-EDBA2C86D4ED}.Debug|Any CPU.Build.0 = Debug|Any CPU
		{DF9762E7-A493-4718-BA82-EDBA2C86D4ED}.Release|Any CPU.ActiveCfg = Release|Any CPU
		{DF9762E7-A493-4718-BA82-EDBA2C86D4ED}.Release|Any CPU.Build.0 = Release|Any CPU
		{8BCF1BB0-464B-41DA-AEE5-9FF7F5C03287}.Debug|Any CPU.ActiveCfg = Debug|Any CPU
		{8BCF1BB0-464B-41DA-AEE5-9FF7F5C03287}.Debug|Any CPU.Build.0 = Debug|Any CPU
		{8BCF1BB0-464B-41DA-AEE5-9FF7F5C03287}.Release|Any CPU.ActiveCfg = Release|Any CPU
		{8BCF1BB0-464B-41DA-AEE5-9FF7F5C03287}.Release|Any CPU.Build.0 = Release|Any CPU
		{77A03321-EED2-4420-BD70-1D847E47E125}.Debug|Any CPU.ActiveCfg = Debug|Any CPU
		{77A03321-EED2-4420-BD70-1D847E47E125}.Debug|Any CPU.Build.0 = Debug|Any CPU
		{77A03321-EED2-4420-BD70-1D847E47E125}.Release|Any CPU.ActiveCfg = Release|Any CPU
		{77A03321-EED2-4420-BD70-1D847E47E125}.Release|Any CPU.Build.0 = Release|Any CPU
		{4F3CA718-C2BF-4A91-8EB6-D58F39218CC6}.Debug|Any CPU.ActiveCfg = Debug|Any CPU
		{4F3CA718-C2BF-4A91-8EB6-D58F39218CC6}.Debug|Any CPU.Build.0 = Debug|Any CPU
		{4F3CA718-C2BF-4A91-8EB6-D58F39218CC6}.Release|Any CPU.ActiveCfg = Release|Any CPU
		{4F3CA718-C2BF-4A91-8EB6-D58F39218CC6}.Release|Any CPU.Build.0 = Release|Any CPU
		{889A41A8-E06A-4647-BEB0-3E8E4F7122D6}.Debug|Any CPU.ActiveCfg = Debug|Any CPU
		{889A41A8-E06A-4647-BEB0-3E8E4F7122D6}.Debug|Any CPU.Build.0 = Debug|Any CPU
		{889A41A8-E06A-4647-BEB0-3E8E4F7122D6}.Release|Any CPU.ActiveCfg = Release|Any CPU
		{889A41A8-E06A-4647-BEB0-3E8E4F7122D6}.Release|Any CPU.Build.0 = Release|Any CPU
		{E9FDCF20-02F4-4067-96F3-94C50A844426}.Debug|Any CPU.ActiveCfg = Debug|Any CPU
		{E9FDCF20-02F4-4067-96F3-94C50A844426}.Debug|Any CPU.Build.0 = Debug|Any CPU
		{E9FDCF20-02F4-4067-96F3-94C50A844426}.Release|Any CPU.ActiveCfg = Release|Any CPU
		{E9FDCF20-02F4-4067-96F3-94C50A844426}.Release|Any CPU.Build.0 = Release|Any CPU
		{D1F7E9A8-9479-46BC-ACAE-580874815C65}.Debug|Any CPU.ActiveCfg = Debug|Any CPU
		{D1F7E9A8-9479-46BC-ACAE-580874815C65}.Debug|Any CPU.Build.0 = Debug|Any CPU
		{D1F7E9A8-9479-46BC-ACAE-580874815C65}.Release|Any CPU.ActiveCfg = Release|Any CPU
		{D1F7E9A8-9479-46BC-ACAE-580874815C65}.Release|Any CPU.Build.0 = Release|Any CPU
		{1E88604F-1137-45A1-81C7-D29032B1B984}.Debug|Any CPU.ActiveCfg = Debug|Any CPU
		{1E88604F-1137-45A1-81C7-D29032B1B984}.Debug|Any CPU.Build.0 = Debug|Any CPU
		{1E88604F-1137-45A1-81C7-D29032B1B984}.Release|Any CPU.ActiveCfg = Release|Any CPU
		{1E88604F-1137-45A1-81C7-D29032B1B984}.Release|Any CPU.Build.0 = Release|Any CPU
		{BBF6C4A9-33E7-4A15-8CB0-2E4792B75E7D}.Debug|Any CPU.ActiveCfg = Debug|Any CPU
		{BBF6C4A9-33E7-4A15-8CB0-2E4792B75E7D}.Debug|Any CPU.Build.0 = Debug|Any CPU
		{BBF6C4A9-33E7-4A15-8CB0-2E4792B75E7D}.Release|Any CPU.ActiveCfg = Release|Any CPU
		{BBF6C4A9-33E7-4A15-8CB0-2E4792B75E7D}.Release|Any CPU.Build.0 = Release|Any CPU
		{078129D5-B62E-460B-96B5-5FA38582122D}.Debug|Any CPU.ActiveCfg = Debug|Any CPU
		{078129D5-B62E-460B-96B5-5FA38582122D}.Debug|Any CPU.Build.0 = Debug|Any CPU
		{078129D5-B62E-460B-96B5-5FA38582122D}.Release|Any CPU.ActiveCfg = Release|Any CPU
		{078129D5-B62E-460B-96B5-5FA38582122D}.Release|Any CPU.Build.0 = Release|Any CPU
		{8A61BE9F-3B13-4849-B848-155263E7489C}.Debug|Any CPU.ActiveCfg = Debug|Any CPU
		{8A61BE9F-3B13-4849-B848-155263E7489C}.Debug|Any CPU.Build.0 = Debug|Any CPU
		{8A61BE9F-3B13-4849-B848-155263E7489C}.Release|Any CPU.ActiveCfg = Release|Any CPU
		{8A61BE9F-3B13-4849-B848-155263E7489C}.Release|Any CPU.Build.0 = Release|Any CPU
		{DCC53FF0-4971-4CA9-8A6A-3311BAC1F209}.Debug|Any CPU.ActiveCfg = Debug|Any CPU
		{DCC53FF0-4971-4CA9-8A6A-3311BAC1F209}.Debug|Any CPU.Build.0 = Debug|Any CPU
		{DCC53FF0-4971-4CA9-8A6A-3311BAC1F209}.Release|Any CPU.ActiveCfg = Release|Any CPU
		{DCC53FF0-4971-4CA9-8A6A-3311BAC1F209}.Release|Any CPU.Build.0 = Release|Any CPU
		{43B38205-8368-446C-9541-EDDDB2369ACA}.Debug|Any CPU.ActiveCfg = Debug|Any CPU
		{43B38205-8368-446C-9541-EDDDB2369ACA}.Debug|Any CPU.Build.0 = Debug|Any CPU
		{43B38205-8368-446C-9541-EDDDB2369ACA}.Release|Any CPU.ActiveCfg = Release|Any CPU
		{43B38205-8368-446C-9541-EDDDB2369ACA}.Release|Any CPU.Build.0 = Release|Any CPU
		{5A006E4C-38D2-4811-80DE-1D1BE0507A08}.Debug|Any CPU.ActiveCfg = Debug|Any CPU
		{5A006E4C-38D2-4811-80DE-1D1BE0507A08}.Debug|Any CPU.Build.0 = Debug|Any CPU
		{5A006E4C-38D2-4811-80DE-1D1BE0507A08}.Release|Any CPU.ActiveCfg = Release|Any CPU
		{5A006E4C-38D2-4811-80DE-1D1BE0507A08}.Release|Any CPU.Build.0 = Release|Any CPU
		{039CEF44-4CE2-409A-ACA7-71EB6EEF1D41}.Debug|Any CPU.ActiveCfg = Debug|Any CPU
		{039CEF44-4CE2-409A-ACA7-71EB6EEF1D41}.Debug|Any CPU.Build.0 = Debug|Any CPU
		{039CEF44-4CE2-409A-ACA7-71EB6EEF1D41}.Release|Any CPU.ActiveCfg = Release|Any CPU
		{039CEF44-4CE2-409A-ACA7-71EB6EEF1D41}.Release|Any CPU.Build.0 = Release|Any CPU
		{1AD57972-3CDC-4337-89F2-7E299AF9DCCC}.Debug|Any CPU.ActiveCfg = Debug|Any CPU
		{1AD57972-3CDC-4337-89F2-7E299AF9DCCC}.Debug|Any CPU.Build.0 = Debug|Any CPU
		{1AD57972-3CDC-4337-89F2-7E299AF9DCCC}.Release|Any CPU.ActiveCfg = Release|Any CPU
		{1AD57972-3CDC-4337-89F2-7E299AF9DCCC}.Release|Any CPU.Build.0 = Release|Any CPU
		{54383456-755A-4D60-A39A-C0B76A09FFCF}.Debug|Any CPU.ActiveCfg = Debug|Any CPU
		{54383456-755A-4D60-A39A-C0B76A09FFCF}.Debug|Any CPU.Build.0 = Debug|Any CPU
		{54383456-755A-4D60-A39A-C0B76A09FFCF}.Release|Any CPU.ActiveCfg = Release|Any CPU
		{54383456-755A-4D60-A39A-C0B76A09FFCF}.Release|Any CPU.Build.0 = Release|Any CPU
		{F939966A-62B5-490D-B54B-8B82BCAE4914}.Debug|Any CPU.ActiveCfg = Debug|Any CPU
		{F939966A-62B5-490D-B54B-8B82BCAE4914}.Debug|Any CPU.Build.0 = Debug|Any CPU
		{F939966A-62B5-490D-B54B-8B82BCAE4914}.Release|Any CPU.ActiveCfg = Release|Any CPU
		{F939966A-62B5-490D-B54B-8B82BCAE4914}.Release|Any CPU.Build.0 = Release|Any CPU
		{71BD22B7-F35E-4463-958E-3C9523F3051B}.Debug|Any CPU.ActiveCfg = Debug|Any CPU
		{71BD22B7-F35E-4463-958E-3C9523F3051B}.Debug|Any CPU.Build.0 = Debug|Any CPU
		{71BD22B7-F35E-4463-958E-3C9523F3051B}.Release|Any CPU.ActiveCfg = Release|Any CPU
		{71BD22B7-F35E-4463-958E-3C9523F3051B}.Release|Any CPU.Build.0 = Release|Any CPU
		{F7874E47-992B-4024-A321-DF74288406E9}.Debug|Any CPU.ActiveCfg = Debug|Any CPU
		{F7874E47-992B-4024-A321-DF74288406E9}.Debug|Any CPU.Build.0 = Debug|Any CPU
		{F7874E47-992B-4024-A321-DF74288406E9}.Release|Any CPU.ActiveCfg = Release|Any CPU
		{F7874E47-992B-4024-A321-DF74288406E9}.Release|Any CPU.Build.0 = Release|Any CPU
		{5BAB753E-548E-46F0-8FBF-1429B3A486AB}.Debug|Any CPU.ActiveCfg = Debug|Any CPU
		{5BAB753E-548E-46F0-8FBF-1429B3A486AB}.Debug|Any CPU.Build.0 = Debug|Any CPU
		{5BAB753E-548E-46F0-8FBF-1429B3A486AB}.Release|Any CPU.ActiveCfg = Release|Any CPU
		{5BAB753E-548E-46F0-8FBF-1429B3A486AB}.Release|Any CPU.Build.0 = Release|Any CPU
		{057A0F82-37F3-4E05-9605-F37C1C8A82F2}.Debug|Any CPU.ActiveCfg = Debug|Any CPU
		{057A0F82-37F3-4E05-9605-F37C1C8A82F2}.Debug|Any CPU.Build.0 = Debug|Any CPU
		{057A0F82-37F3-4E05-9605-F37C1C8A82F2}.Release|Any CPU.ActiveCfg = Release|Any CPU
		{057A0F82-37F3-4E05-9605-F37C1C8A82F2}.Release|Any CPU.Build.0 = Release|Any CPU
		{972AC5A1-B910-447E-9630-C2F72567354F}.Debug|Any CPU.ActiveCfg = Debug|Any CPU
		{972AC5A1-B910-447E-9630-C2F72567354F}.Debug|Any CPU.Build.0 = Debug|Any CPU
		{972AC5A1-B910-447E-9630-C2F72567354F}.Release|Any CPU.ActiveCfg = Release|Any CPU
		{972AC5A1-B910-447E-9630-C2F72567354F}.Release|Any CPU.Build.0 = Release|Any CPU
		{C6459550-828B-43EB-A062-988F42157316}.Debug|Any CPU.ActiveCfg = Debug|Any CPU
		{C6459550-828B-43EB-A062-988F42157316}.Debug|Any CPU.Build.0 = Debug|Any CPU
		{C6459550-828B-43EB-A062-988F42157316}.Release|Any CPU.ActiveCfg = Release|Any CPU
		{C6459550-828B-43EB-A062-988F42157316}.Release|Any CPU.Build.0 = Release|Any CPU
		{4DA82B43-30DD-4135-8FC9-9A6BD09105F1}.Debug|Any CPU.ActiveCfg = Debug|Any CPU
		{4DA82B43-30DD-4135-8FC9-9A6BD09105F1}.Debug|Any CPU.Build.0 = Debug|Any CPU
		{4DA82B43-30DD-4135-8FC9-9A6BD09105F1}.Release|Any CPU.ActiveCfg = Release|Any CPU
		{4DA82B43-30DD-4135-8FC9-9A6BD09105F1}.Release|Any CPU.Build.0 = Release|Any CPU
		{55583B89-1BD6-4912-855F-6B00FA7DA399}.Debug|Any CPU.ActiveCfg = Debug|Any CPU
		{55583B89-1BD6-4912-855F-6B00FA7DA399}.Debug|Any CPU.Build.0 = Debug|Any CPU
		{55583B89-1BD6-4912-855F-6B00FA7DA399}.Release|Any CPU.ActiveCfg = Release|Any CPU
		{55583B89-1BD6-4912-855F-6B00FA7DA399}.Release|Any CPU.Build.0 = Release|Any CPU
		{F58534DD-DC29-4E04-BD74-601968B8C866}.Debug|Any CPU.ActiveCfg = Debug|Any CPU
		{F58534DD-DC29-4E04-BD74-601968B8C866}.Debug|Any CPU.Build.0 = Debug|Any CPU
		{F58534DD-DC29-4E04-BD74-601968B8C866}.Release|Any CPU.ActiveCfg = Release|Any CPU
		{F58534DD-DC29-4E04-BD74-601968B8C866}.Release|Any CPU.Build.0 = Release|Any CPU
		{CC07369C-C152-4D07-9D85-1DA3A5A7CF7F}.Debug|Any CPU.ActiveCfg = Debug|Any CPU
		{CC07369C-C152-4D07-9D85-1DA3A5A7CF7F}.Debug|Any CPU.Build.0 = Debug|Any CPU
		{CC07369C-C152-4D07-9D85-1DA3A5A7CF7F}.Release|Any CPU.ActiveCfg = Release|Any CPU
		{CC07369C-C152-4D07-9D85-1DA3A5A7CF7F}.Release|Any CPU.Build.0 = Release|Any CPU
		{A8376DC4-9501-45E1-B5FF-6FADDB6C763F}.Debug|Any CPU.ActiveCfg = Debug|Any CPU
		{A8376DC4-9501-45E1-B5FF-6FADDB6C763F}.Debug|Any CPU.Build.0 = Debug|Any CPU
		{A8376DC4-9501-45E1-B5FF-6FADDB6C763F}.Release|Any CPU.ActiveCfg = Release|Any CPU
		{A8376DC4-9501-45E1-B5FF-6FADDB6C763F}.Release|Any CPU.Build.0 = Release|Any CPU
		{8D3C03EE-28C0-4957-98BC-070DD647FB33}.Debug|Any CPU.ActiveCfg = Debug|Any CPU
		{8D3C03EE-28C0-4957-98BC-070DD647FB33}.Debug|Any CPU.Build.0 = Debug|Any CPU
		{8D3C03EE-28C0-4957-98BC-070DD647FB33}.Release|Any CPU.ActiveCfg = Release|Any CPU
		{8D3C03EE-28C0-4957-98BC-070DD647FB33}.Release|Any CPU.Build.0 = Release|Any CPU
		{63B9FF6D-7FFF-4429-9DE8-72B2C3BBE73B}.Debug|Any CPU.ActiveCfg = Debug|Any CPU
		{63B9FF6D-7FFF-4429-9DE8-72B2C3BBE73B}.Debug|Any CPU.Build.0 = Debug|Any CPU
		{63B9FF6D-7FFF-4429-9DE8-72B2C3BBE73B}.Release|Any CPU.ActiveCfg = Release|Any CPU
		{63B9FF6D-7FFF-4429-9DE8-72B2C3BBE73B}.Release|Any CPU.Build.0 = Release|Any CPU
		{8B1FEE89-46AC-41DF-985D-76DF9B1E016E}.Debug|Any CPU.ActiveCfg = Debug|Any CPU
		{8B1FEE89-46AC-41DF-985D-76DF9B1E016E}.Debug|Any CPU.Build.0 = Debug|Any CPU
		{8B1FEE89-46AC-41DF-985D-76DF9B1E016E}.Release|Any CPU.ActiveCfg = Release|Any CPU
		{8B1FEE89-46AC-41DF-985D-76DF9B1E016E}.Release|Any CPU.Build.0 = Release|Any CPU
		{99FF8A49-2466-4582-BCC4-5334585EEE5B}.Debug|Any CPU.ActiveCfg = Debug|Any CPU
		{99FF8A49-2466-4582-BCC4-5334585EEE5B}.Debug|Any CPU.Build.0 = Debug|Any CPU
		{99FF8A49-2466-4582-BCC4-5334585EEE5B}.Release|Any CPU.ActiveCfg = Release|Any CPU
		{99FF8A49-2466-4582-BCC4-5334585EEE5B}.Release|Any CPU.Build.0 = Release|Any CPU
		{FE56A901-C123-48E5-95F1-C0A6B03B747C}.Debug|Any CPU.ActiveCfg = Debug|Any CPU
		{FE56A901-C123-48E5-95F1-C0A6B03B747C}.Debug|Any CPU.Build.0 = Debug|Any CPU
		{FE56A901-C123-48E5-95F1-C0A6B03B747C}.Release|Any CPU.ActiveCfg = Release|Any CPU
		{FE56A901-C123-48E5-95F1-C0A6B03B747C}.Release|Any CPU.Build.0 = Release|Any CPU
		{5D4604F8-9DE1-4F65-B471-9CA526AA170C}.Debug|Any CPU.ActiveCfg = Debug|Any CPU
		{5D4604F8-9DE1-4F65-B471-9CA526AA170C}.Debug|Any CPU.Build.0 = Debug|Any CPU
		{5D4604F8-9DE1-4F65-B471-9CA526AA170C}.Release|Any CPU.ActiveCfg = Release|Any CPU
		{5D4604F8-9DE1-4F65-B471-9CA526AA170C}.Release|Any CPU.Build.0 = Release|Any CPU
		{62716379-E6B6-4D14-B4A0-39E5D2F0332B}.Debug|Any CPU.ActiveCfg = Debug|Any CPU
		{62716379-E6B6-4D14-B4A0-39E5D2F0332B}.Debug|Any CPU.Build.0 = Debug|Any CPU
		{62716379-E6B6-4D14-B4A0-39E5D2F0332B}.Release|Any CPU.ActiveCfg = Release|Any CPU
		{62716379-E6B6-4D14-B4A0-39E5D2F0332B}.Release|Any CPU.Build.0 = Release|Any CPU
		{EF153D98-273E-4EC5-98A2-EACFA91D2BD6}.Debug|Any CPU.ActiveCfg = Debug|Any CPU
		{EF153D98-273E-4EC5-98A2-EACFA91D2BD6}.Debug|Any CPU.Build.0 = Debug|Any CPU
		{EF153D98-273E-4EC5-98A2-EACFA91D2BD6}.Release|Any CPU.ActiveCfg = Release|Any CPU
		{EF153D98-273E-4EC5-98A2-EACFA91D2BD6}.Release|Any CPU.Build.0 = Release|Any CPU
		{73485E00-B2F8-4C18-954D-6F98EB4BF80D}.Debug|Any CPU.ActiveCfg = Debug|Any CPU
		{73485E00-B2F8-4C18-954D-6F98EB4BF80D}.Debug|Any CPU.Build.0 = Debug|Any CPU
		{73485E00-B2F8-4C18-954D-6F98EB4BF80D}.Release|Any CPU.ActiveCfg = Release|Any CPU
		{73485E00-B2F8-4C18-954D-6F98EB4BF80D}.Release|Any CPU.Build.0 = Release|Any CPU
	EndGlobalSection
	GlobalSection(SolutionProperties) = preSolution
		HideSolutionNode = FALSE
	EndGlobalSection
	GlobalSection(NestedProjects) = preSolution
		{DB2EF7CD-D20E-406A-A4A0-6C00DF7D58D7} = {C8749D6C-F5C9-444D-88D4-6C3D6F9EC633}
		{D99AE553-4F21-4880-BDEE-7620A332DB2B} = {52A12FFE-2B84-4530-88AA-B17F920DA030}
		{1A9A62E8-2790-4A5D-9326-3C7B469F820B} = {671F3AA2-C1A2-4C24-A40E-572C2C24447E}
		{E45522E5-6934-49F1-8F52-D8C1BF6619A9} = {BD188513-A02A-4231-A509-709E04E06A02}
		{BC8BC4FB-9008-4494-AF0D-6E4D31386B15} = {05DBA937-5B6E-4FDC-9F43-4155696B4964}
		{919CAB70-1CB8-4CF7-9764-1CC6A7EE628F} = {BD188513-A02A-4231-A509-709E04E06A02}
		{917AE32C-5195-462D-A99E-D732183EF33A} = {BD188513-A02A-4231-A509-709E04E06A02}
		{03026168-A66A-4BE7-930E-CCAC5FC5EED5} = {BD188513-A02A-4231-A509-709E04E06A02}
		{64EAD733-6E08-4A4A-AE0E-B22894AC3642} = {9191ADFA-8918-46BF-9DEB-5351A72FC84B}
		{947EEC82-13EB-4D2E-B05F-D4E14DDB697E} = {64EAD733-6E08-4A4A-AE0E-B22894AC3642}
		{A9381237-5BC6-4F45-96A9-94DA79F6537C} = {97B4988B-E1AC-46ED-BC20-0CF925BBFCAF}
		{48EC4989-7FAA-4642-84C5-D255B99BEC17} = {F9C1278E-43E0-4654-A8EC-73B93C59EFFA}
		{71C2313D-9FB7-4954-A25C-39DF7C3C3409} = {A00C6D8E-26C2-42B0-9763-002053B80AC4}
		{852A2450-27A8-4B6A-8968-0D4F80357618} = {A7B15901-38A8-4DE2-B944-7F2CAE0B22A3}
		{44E2D1E5-B164-46E2-8324-C9EC44C4998A} = {05DBA937-5B6E-4FDC-9F43-4155696B4964}
		{369346CD-0194-4C29-8E26-8DC940FE323B} = {9BE170B6-EFB2-4DAB-80B8-256CE09CB280}
		{9F5993F0-7A1C-4598-AA90-031BAE44B958} = {05DBA937-5B6E-4FDC-9F43-4155696B4964}
		{03529777-DFC6-4AD8-84BC-77F50256B571} = {97B4988B-E1AC-46ED-BC20-0CF925BBFCAF}
		{D239DE59-E5F7-48E8-A669-19ABB5F1803F} = {8038F662-3EE7-49DB-A14A-CDAEA13C42E1}
		{A75CBB66-5618-47BA-B013-E4E178DE168F} = {8038F662-3EE7-49DB-A14A-CDAEA13C42E1}
		{49EB56C2-C807-489E-AF68-BAED91980C31} = {8038F662-3EE7-49DB-A14A-CDAEA13C42E1}
		{4E5A25BE-31D9-4712-BB46-FE969EEBB023} = {C74B4A94-4217-40FF-A8EF-7E5271AA7E5A}
		{DF9762E7-A493-4718-BA82-EDBA2C86D4ED} = {A00C6D8E-26C2-42B0-9763-002053B80AC4}
		{8BCF1BB0-464B-41DA-AEE5-9FF7F5C03287} = {AB433611-1EF7-4A7C-9C81-866625866725}
		{77A03321-EED2-4420-BD70-1D847E47E125} = {2C6ABEFA-CDB5-4F43-B77C-85F3E638AD44}
		{4F3CA718-C2BF-4A91-8EB6-D58F39218CC6} = {2C6ABEFA-CDB5-4F43-B77C-85F3E638AD44}
		{889A41A8-E06A-4647-BEB0-3E8E4F7122D6} = {EB28097F-A219-4C3B-A145-4E89DDED6683}
		{E9FDCF20-02F4-4067-96F3-94C50A844426} = {ECA94CAE-6395-4A83-8E0A-46079A255CCE}
		{D1F7E9A8-9479-46BC-ACAE-580874815C65} = {ECA94CAE-6395-4A83-8E0A-46079A255CCE}
		{1E88604F-1137-45A1-81C7-D29032B1B984} = {E6F9B6BF-15B1-4DDB-BC20-634773C1A663}
		{BBF6C4A9-33E7-4A15-8CB0-2E4792B75E7D} = {E6F9B6BF-15B1-4DDB-BC20-634773C1A663}
		{078129D5-B62E-460B-96B5-5FA38582122D} = {E6F9B6BF-15B1-4DDB-BC20-634773C1A663}
		{8A61BE9F-3B13-4849-B848-155263E7489C} = {E6F9B6BF-15B1-4DDB-BC20-634773C1A663}
		{DCC53FF0-4971-4CA9-8A6A-3311BAC1F209} = {E6F9B6BF-15B1-4DDB-BC20-634773C1A663}
		{43B38205-8368-446C-9541-EDDDB2369ACA} = {E6F9B6BF-15B1-4DDB-BC20-634773C1A663}
		{5A006E4C-38D2-4811-80DE-1D1BE0507A08} = {E6F9B6BF-15B1-4DDB-BC20-634773C1A663}
		{039CEF44-4CE2-409A-ACA7-71EB6EEF1D41} = {E6F9B6BF-15B1-4DDB-BC20-634773C1A663}
		{1AD57972-3CDC-4337-89F2-7E299AF9DCCC} = {E6F9B6BF-15B1-4DDB-BC20-634773C1A663}
		{54383456-755A-4D60-A39A-C0B76A09FFCF} = {AB433611-1EF7-4A7C-9C81-866625866725}
		{130B405E-B50B-443E-A919-674CC9E7FA9D} = {9191ADFA-8918-46BF-9DEB-5351A72FC84B}
		{F939966A-62B5-490D-B54B-8B82BCAE4914} = {130B405E-B50B-443E-A919-674CC9E7FA9D}
		{F9856C07-A857-4DB7-9323-F58B9513CCA9} = {9191ADFA-8918-46BF-9DEB-5351A72FC84B}
		{71BD22B7-F35E-4463-958E-3C9523F3051B} = {F9856C07-A857-4DB7-9323-F58B9513CCA9}
		{F7874E47-992B-4024-A321-DF74288406E9} = {F9856C07-A857-4DB7-9323-F58B9513CCA9}
		{5BAB753E-548E-46F0-8FBF-1429B3A486AB} = {F9856C07-A857-4DB7-9323-F58B9513CCA9}
		{531B3AE7-3F2C-4EE5-BB7C-BE490BB64180} = {9191ADFA-8918-46BF-9DEB-5351A72FC84B}
		{057A0F82-37F3-4E05-9605-F37C1C8A82F2} = {64EAD733-6E08-4A4A-AE0E-B22894AC3642}
		{972AC5A1-B910-447E-9630-C2F72567354F} = {64EAD733-6E08-4A4A-AE0E-B22894AC3642}
		{C6459550-828B-43EB-A062-988F42157316} = {7CF7B4BD-7EC7-4D40-BBB0-6B6CF1F13088}
		{4DA82B43-30DD-4135-8FC9-9A6BD09105F1} = {7CF7B4BD-7EC7-4D40-BBB0-6B6CF1F13088}
		{55583B89-1BD6-4912-855F-6B00FA7DA399} = {E6F9B6BF-15B1-4DDB-BC20-634773C1A663}
		{F58534DD-DC29-4E04-BD74-601968B8C866} = {531B3AE7-3F2C-4EE5-BB7C-BE490BB64180}
		{DC592A7A-D047-4941-8429-F2AB317F6586} = {9191ADFA-8918-46BF-9DEB-5351A72FC84B}
		{CC07369C-C152-4D07-9D85-1DA3A5A7CF7F} = {531B3AE7-3F2C-4EE5-BB7C-BE490BB64180}
		{8F676163-7600-45EA-8899-C71A31E8F6D2} = {9191ADFA-8918-46BF-9DEB-5351A72FC84B}
		{94401DDF-9986-4E93-A8C4-FB69DB7B2218} = {9191ADFA-8918-46BF-9DEB-5351A72FC84B}
		{A8376DC4-9501-45E1-B5FF-6FADDB6C763F} = {8F676163-7600-45EA-8899-C71A31E8F6D2}
		{8D3C03EE-28C0-4957-98BC-070DD647FB33} = {94401DDF-9986-4E93-A8C4-FB69DB7B2218}
		{63B9FF6D-7FFF-4429-9DE8-72B2C3BBE73B} = {94401DDF-9986-4E93-A8C4-FB69DB7B2218}
		{5A2389B7-0C06-42BC-9677-365264D7F6A6} = {9191ADFA-8918-46BF-9DEB-5351A72FC84B}
		{8B1FEE89-46AC-41DF-985D-76DF9B1E016E} = {5A2389B7-0C06-42BC-9677-365264D7F6A6}
		{2F46328B-07C0-4476-845C-D7DFE2F81B4F} = {9191ADFA-8918-46BF-9DEB-5351A72FC84B}
		{99FF8A49-2466-4582-BCC4-5334585EEE5B} = {2F46328B-07C0-4476-845C-D7DFE2F81B4F}
		{3895ACFA-FFAB-4390-88F2-026236ED2F9C} = {9191ADFA-8918-46BF-9DEB-5351A72FC84B}
		{FE56A901-C123-48E5-95F1-C0A6B03B747C} = {2C6ABEFA-CDB5-4F43-B77C-85F3E638AD44}
		{5D4604F8-9DE1-4F65-B471-9CA526AA170C} = {3895ACFA-FFAB-4390-88F2-026236ED2F9C}
		{A958E665-2F95-409B-B98D-A33E26706FE5} = {9191ADFA-8918-46BF-9DEB-5351A72FC84B}
		{90282F6E-629A-4280-A57A-25F6A5A0B8C7} = {9191ADFA-8918-46BF-9DEB-5351A72FC84B}
		{2C45688F-89E6-479F-A55A-9182790B61B2} = {9191ADFA-8918-46BF-9DEB-5351A72FC84B}
		{62716379-E6B6-4D14-B4A0-39E5D2F0332B} = {A958E665-2F95-409B-B98D-A33E26706FE5}
		{EF153D98-273E-4EC5-98A2-EACFA91D2BD6} = {A958E665-2F95-409B-B98D-A33E26706FE5}
		{73485E00-B2F8-4C18-954D-6F98EB4BF80D} = {90282F6E-629A-4280-A57A-25F6A5A0B8C7}
	EndGlobalSection
	GlobalSection(ExtensibilityGlobals) = postSolution
		SolutionGuid = {35D279D5-6328-41A9-94C8-B4AA3D633D3B}
	EndGlobalSection
EndGlobal
