
Microsoft Visual Studio Solution File, Format Version 12.00
# Visual Studio Version 17
VisualStudioVersion = 17.1.32228.430
MinimumVisualStudioVersion = 10.0.40219.1
Project("{2150E333-8FDC-42A3-9474-1A3956D46DE8}") = "Chapter01.AspNetCore.Identity", "Chapter01.AspNetCore.Identity", "{36F88865-CD87-4011-9E44-3ED5990D4ED9}"
EndProject
Project("{9A19103F-16F7-4668-BE54-9A1E7A4F7556}") = "AspNetCore.Identity", "src\Chapter01\AspNetCore.Identity.csproj", "{670A008A-881D-44C5-871C-23B2EC724190}"
EndProject
Project("{9A19103F-16F7-4668-BE54-9A1E7A4F7556}") = "AspNetCore.Configuration", "src\Chapter03\AspNetCore.Configuration.csproj", "{3C1570F7-4F75-4F50-994B-FD0926E997D6}"
EndProject
Project("{9A19103F-16F7-4668-BE54-9A1E7A4F7556}") = "AspNetCore.OptionsPattern", "src\Chapter04\AspNetCore.OptionsPattern.csproj", "{BCF7B7D0-FF88-4E73-80EC-2DB79A8974BB}"
EndProject
Project("{2150E333-8FDC-42A3-9474-1A3956D46DE8}") = "src", "src", "{9CD3D2C1-96CC-4062-9BE4-96EF7306CABE}"
EndProject
Project("{2150E333-8FDC-42A3-9474-1A3956D46DE8}") = "Chapter03.AspNetCore.Configuration", "Chapter03.AspNetCore.Configuration", "{E2A690AD-FB40-40EB-A4F2-BC5C95BF4D70}"
EndProject
Project("{2150E333-8FDC-42A3-9474-1A3956D46DE8}") = "Chapter02.AspNetCore.IdentityEndpoints", "Chapter02.AspNetCore.IdentityEndpoints", "{7E6DA536-90BD-4F92-9A76-6B4D13680C0B}"
EndProject
Project("{9A19103F-16F7-4668-BE54-9A1E7A4F7556}") = "AspNetCore.IdentityEndpoints", "src\Chapter02\AspNetCore.IdentityEndpoints\AspNetCore.IdentityEndpoints.csproj", "{E54F329E-DDC5-491E-8D40-65E95EED240B}"
EndProject
Project("{2150E333-8FDC-42A3-9474-1A3956D46DE8}") = "Chapter04.AspNetCore.OptionsPattern", "Chapter04.AspNetCore.OptionsPattern", "{F369C120-05D7-427A-8236-CC7E2DDF1E46}"
EndProject
Project("{2150E333-8FDC-42A3-9474-1A3956D46DE8}") = "Chapter05.AspNetCore.DependencyInjection", "Chapter05.AspNetCore.DependencyInjection", "{98BD1E8F-0AD0-4963-93F0-285F576487D1}"
EndProject
Project("{9A19103F-16F7-4668-BE54-9A1E7A4F7556}") = "AspNetCore.DependencyInjection", "src\Chapter05\AspNetCore.DependencyInjection.csproj", "{3AE9F2AB-B6FD-409A-A36E-39AC084EEB63}"
EndProject
Project("{2150E333-8FDC-42A3-9474-1A3956D46DE8}") = "Chapter06.AspNetCore.Controllers", "Chapter06.AspNetCore.Controllers", "{41970624-0A59-4F2D-AB4C-9F40C60B3B3A}"
EndProject
Project("{9A19103F-16F7-4668-BE54-9A1E7A4F7556}") = "AspNetCore.Controllers", "src\Chapter06\AspNetCore.Controllers.csproj", "{6CBD3D2E-22DD-45ED-8E33-ABCA45C1AA56}"
EndProject
Project("{2150E333-8FDC-42A3-9474-1A3956D46DE8}") = "Chapter07.AspNetCore.Action", "Chapter07.AspNetCore.Action", "{5618D6FC-D18A-4EB0-9CF5-D3E855BA34BE}"
EndProject
Project("{9A19103F-16F7-4668-BE54-9A1E7A4F7556}") = "AspNetCore.Action", "src\Chapter07\AspNetCore.Action.csproj", "{AF6289B2-B4F4-4131-AD71-A397D6B06690}"
EndProject
Project("{2150E333-8FDC-42A3-9474-1A3956D46DE8}") = "Chapter08.AspNetCore.Views", "Chapter08.AspNetCore.Views", "{05802203-C23A-48D3-93B0-158E8597DA0C}"
EndProject
Project("{9A19103F-16F7-4668-BE54-9A1E7A4F7556}") = "AspNetCore.Views", "src\Chapter08\AspNetCore.Views.csproj", "{005FAB2C-D4EA-4B5A-8D4D-EF9AAF7368C2}"
EndProject
Project("{2150E333-8FDC-42A3-9474-1A3956D46DE8}") = "Chapter09.AspNetCore.URLRouting", "Chapter09.AspNetCore.URLRouting", "{E3D1B660-4186-4A8E-A6A1-80D52BF9F65C}"
EndProject
Project("{9A19103F-16F7-4668-BE54-9A1E7A4F7556}") = "AspNetCore.URLRouting", "src\Chapter09\AspNetCore.URLRouting.csproj", "{743F9A63-AAB7-4441-A776-D9159EBFDB53}"
EndProject
Project("{2150E333-8FDC-42A3-9474-1A3956D46DE8}") = "Chapter10.AspNetCore.RouteConstraint", "Chapter10.AspNetCore.RouteConstraint", "{18A4FB0D-CE46-4A88-9939-D01C1CE35BCD}"
EndProject
Project("{9A19103F-16F7-4668-BE54-9A1E7A4F7556}") = "AspNetCore.RouteConstraint", "src\Chapter10\AspNetCore.RouteConstraint.csproj", "{4D1FD96F-036B-4B81-AE74-C781C0897143}"
EndProject
Project("{2150E333-8FDC-42A3-9474-1A3956D46DE8}") = "Chapter11.AspNetCore.AttributeRoute", "Chapter11.AspNetCore.AttributeRoute", "{84B232F6-BCBE-440A-946F-EE8DC19E20F7}"
EndProject
Project("{9A19103F-16F7-4668-BE54-9A1E7A4F7556}") = "AspNetCore.AttributeRoute", "src\Chapter11\AspNetCore.AttributeRoute.csproj", "{4044EB75-BBE3-4050-8092-5DD7F2C835C9}"
EndProject
Project("{2150E333-8FDC-42A3-9474-1A3956D46DE8}") = "Chapter12.AspNetCore.RouteLinks", "Chapter12.AspNetCore.RouteLinks", "{00D5F971-4F33-4421-AE3F-61A0AF562420}"
EndProject
Project("{9A19103F-16F7-4668-BE54-9A1E7A4F7556}") = "AspNetCore.RouteLinks", "src\Chapter12\AspNetCore.RouteLinks.csproj", "{C657E3A3-C18A-49E8-863D-C201B055F43B}"
EndProject
Project("{2150E333-8FDC-42A3-9474-1A3956D46DE8}") = "Chapter13.AspNetCore.Areas", "Chapter13.AspNetCore.Areas", "{8CE8BB30-213D-466C-801E-00893F8772CD}"
EndProject
Project("{9A19103F-16F7-4668-BE54-9A1E7A4F7556}") = "AspNetCore.Areas", "src\Chapter13\AspNetCore.Areas.csproj", "{26EEA17E-3E06-4676-8FEC-15C0DA05ADC8}"
EndProject
Project("{2150E333-8FDC-42A3-9474-1A3956D46DE8}") = "Chapter14.AspNetCore.TagHelpers", "Chapter14.AspNetCore.TagHelpers", "{3B304A3F-18FE-40F3-A931-8647995D1EF7}"
EndProject
Project("{9A19103F-16F7-4668-BE54-9A1E7A4F7556}") = "AspNetCore.TagHelpers", "src\Chapter14\AspNetCore.TagHelpers.csproj", "{C2907162-8DBF-4405-A7C9-B7DDDE421055}"
EndProject
Project("{2150E333-8FDC-42A3-9474-1A3956D46DE8}") = "Chapter15.AspNetCore.BuiltInTagHelpers", "Chapter15.AspNetCore.BuiltInTagHelpers", "{C7B13C81-4CA1-4833-8199-90D497249366}"
EndProject
Project("{9A19103F-16F7-4668-BE54-9A1E7A4F7556}") = "AspNetCore.BuiltInTagHelpers", "src\Chapter15\AspNetCore.BuiltInTagHelpers.csproj", "{E5625232-F250-4DE5-9C66-534BF6BD248D}"
EndProject
Project("{2150E333-8FDC-42A3-9474-1A3956D46DE8}") = "Chapter16.AspNetCore.CustomTagHelpers", "Chapter16.AspNetCore.CustomTagHelpers", "{8978AF60-F556-48BE-9550-395E7BF540C3}"
EndProject
Project("{9A19103F-16F7-4668-BE54-9A1E7A4F7556}") = "AspNetCore.CustomTagHelpers", "src\Chapter16\AspNetCore.CustomTagHelpers.csproj", "{80096491-0478-4379-AA5D-7C7D5CDE4563}"
EndProject
Project("{2150E333-8FDC-42A3-9474-1A3956D46DE8}") = "Chapter17.AspNetCore.ModelBinding", "Chapter17.AspNetCore.ModelBinding", "{A4689C13-A0E8-4F3C-98C0-094EED4A6724}"
EndProject
Project("{9A19103F-16F7-4668-BE54-9A1E7A4F7556}") = "AspNetCore.ModelBinding", "src\Chapter17\AspNetCore.ModelBinding.csproj", "{3A3F0F9B-D4FF-45FE-87A2-C30C38B367F6}"
EndProject
Project("{2150E333-8FDC-42A3-9474-1A3956D46DE8}") = "Chapter18.AspNetCore.ModelBinding.Advanced", "Chapter18.AspNetCore.ModelBinding.Advanced", "{106BEC8D-C45C-46B7-A7B8-5B50F330D842}"
EndProject
Project("{9A19103F-16F7-4668-BE54-9A1E7A4F7556}") = "AspNetCore.ModelBinding.Advanced", "src\Chapter18\AspNetCore.ModelBinding.Advanced.csproj", "{96C483B5-7DCB-4DA1-8E0A-E5E5FAE00112}"
EndProject
Project("{2150E333-8FDC-42A3-9474-1A3956D46DE8}") = "Chapter19.AspNetCore.ModelValidation", "Chapter19.AspNetCore.ModelValidation", "{9F2D7739-E5F4-4128-A48D-4AADED302971}"
EndProject
Project("{9A19103F-16F7-4668-BE54-9A1E7A4F7556}") = "AspNetCore.ModelValidation", "src\Chapter19\AspNetCore.ModelValidation.csproj", "{28E06209-4C15-49F7-BB39-3A4B5FB3DEDF}"
EndProject
Project("{2150E333-8FDC-42A3-9474-1A3956D46DE8}") = "Chapter20.AspNetCore.Filters", "Chapter20.AspNetCore.Filters", "{2FF5CBC8-AD7B-4956-839A-BC6F0CB43916}"
EndProject
Project("{9A19103F-16F7-4668-BE54-9A1E7A4F7556}") = "AspNetCore.Filters", "src\Chapter20\AspNetCore.Filters.csproj", "{33CF7B0B-3B05-423B-9641-0E86E434A91C}"
EndProject
Project("{2150E333-8FDC-42A3-9474-1A3956D46DE8}") = "Chapter21.AspNetCore.GlobalizationLocalization", "Chapter21.AspNetCore.GlobalizationLocalization", "{5CEBDC7F-2427-45BA-A75F-C3603B758C33}"
EndProject
Project("{9A19103F-16F7-4668-BE54-9A1E7A4F7556}") = "AspNetCore.GlobalizationLocalization", "src\Chapter21\AspNetCore.GlobalizationLocalization.csproj", "{02132BD9-BDE4-4FEF-8BAD-FF34F758DA51}"
EndProject
Project("{2150E333-8FDC-42A3-9474-1A3956D46DE8}") = "Chapter22.AspNetCore.GlobalLocalResFiles", "Chapter22.AspNetCore.GlobalLocalResFiles", "{8D6C3FFC-D58B-41D6-A29D-D51483830D22}"
EndProject
Project("{2150E333-8FDC-42A3-9474-1A3956D46DE8}") = "Chapter23.AspNetCore.GlobalLocalPO", "Chapter23.AspNetCore.GlobalLocalPO", "{818EE358-DBE7-4329-9DB1-1F334AD47A54}"
EndProject
Project("{9A19103F-16F7-4668-BE54-9A1E7A4F7556}") = "AspNetCore.GlobalLocalResFiles", "src\Chapter22\AspNetCore.GlobalLocalResFiles.csproj", "{683FC538-C5B0-42A7-A633-48B3554A44FA}"
EndProject
Project("{9A19103F-16F7-4668-BE54-9A1E7A4F7556}") = "AspNetCore.GlobalLocalPO", "src\Chapter23\AspNetCore.GlobalLocalPO.csproj", "{F3C28C0F-13A5-4427-A389-2568DC4CB42E}"
EndProject
Project("{2150E333-8FDC-42A3-9474-1A3956D46DE8}") = "Chapter24.AspNetCore.CORS", "Chapter24.AspNetCore.CORS", "{FA77B5D2-2C25-4538-9C2F-DADA199EC47A}"
EndProject
Project("{9A19103F-16F7-4668-BE54-9A1E7A4F7556}") = "AspNetCore.CORS", "src\Chapter24\AspNetCore.CORS.csproj", "{12764ADA-C67C-4E74-93E4-62990211B6E4}"
EndProject
Project("{2150E333-8FDC-42A3-9474-1A3956D46DE8}") = "Chapter25.AspNetCore.Cookie", "Chapter25.AspNetCore.Cookie", "{7E672315-025B-4939-A21F-6059019FC021}"
EndProject
Project("{2150E333-8FDC-42A3-9474-1A3956D46DE8}") = "Chapter26.AspNetCore.XSRF", "Chapter26.AspNetCore.XSRF", "{9F2B8238-408C-4983-A2A1-2FE23C701312}"
EndProject
Project("{9A19103F-16F7-4668-BE54-9A1E7A4F7556}") = "AspNetCore.XSRF", "src\Chapter26\AspNetCore.XSRF.csproj", "{8DE73B62-71F5-4FCB-900A-9B60711D5387}"
EndProject
Project("{2150E333-8FDC-42A3-9474-1A3956D46DE8}") = "Chapter27.AspNetCore.OpenRedirectAttacks", "Chapter27.AspNetCore.OpenRedirectAttacks", "{D7663B5E-D95C-4E81-B7C5-140E0708F6B0}"
EndProject
Project("{9A19103F-16F7-4668-BE54-9A1E7A4F7556}") = "AspNetCore.OpenRedirectAttacks", "src\Chapter27\AspNetCore.OpenRedirectAttacks.csproj", "{39824896-416E-476F-ACEA-5A0A8105A02A}"
EndProject
Project("{2150E333-8FDC-42A3-9474-1A3956D46DE8}") = "Chapter28.AspNetCore.XSS", "Chapter28.AspNetCore.XSS", "{3671671B-943D-4F49-A5CE-863D098BEB13}"
EndProject
Project("{9A19103F-16F7-4668-BE54-9A1E7A4F7556}") = "AspNetCore.XSS", "src\Chapter28\AspNetCore.XSS.csproj", "{331484DA-73EC-4DC7-B187-21F99FC40396}"
EndProject
Project("{2150E333-8FDC-42A3-9474-1A3956D46DE8}") = "Chapter29.AspNetCore.APIControllers", "Chapter29.AspNetCore.APIControllers", "{B11028F1-2A01-4F67-8D86-97C36CFDE54E}"
EndProject
Project("{9A19103F-16F7-4668-BE54-9A1E7A4F7556}") = "AspNetCore.APIControllers", "src\Chapter29\AspNetCore.APIControllers.csproj", "{3D365647-DE0A-4286-98FA-8420E0C8D796}"
EndProject
Project("{2150E333-8FDC-42A3-9474-1A3956D46DE8}") = "Chapter30.AspNetCore.APIController.ActionReturnTypes", "Chapter30.AspNetCore.APIController.ActionReturnTypes", "{BCEAB7FD-CABA-4604-A8ED-0F1D6C15B730}"
EndProject
Project("{2150E333-8FDC-42A3-9474-1A3956D46DE8}") = "Chapter31.AspNetCore.FormatResponseOutputData", "Chapter31.AspNetCore.FormatResponseOutputData", "{E3F28BF5-9EB0-4AD0-8473-0C17C773F11B}"
EndProject
Project("{2150E333-8FDC-42A3-9474-1A3956D46DE8}") = "Chapter32.AspNetCore.API.BasicAuthentication", "Chapter32.AspNetCore.API.BasicAuthentication", "{20F5C6D3-4F95-4977-A54A-B9CCC4CF8F60}"
EndProject
Project("{9A19103F-16F7-4668-BE54-9A1E7A4F7556}") = "AspNetCore.APIController.ActionReturnTypes", "src\Chapter30\AspNetCore.APIController.ActionReturnTypes.csproj", "{24290686-4746-49B3-8D53-A75EC15935DF}"
EndProject
Project("{9A19103F-16F7-4668-BE54-9A1E7A4F7556}") = "AspNetCore.FormatResponseOutputData", "src\Chapter31\AspNetCore.FormatResponseOutputData.csproj", "{E11DC45D-111E-490C-9A0C-FB82DBB805EA}"
EndProject
Project("{9A19103F-16F7-4668-BE54-9A1E7A4F7556}") = "AspNetCore.API.BasicAuthentication", "src\Chapter32\AspNetCore.API.BasicAuthentication.csproj", "{274974D9-CB76-49BF-9000-9FEDAEFBD3AE}"
EndProject
Project("{2150E333-8FDC-42A3-9474-1A3956D46DE8}") = "Chapter34.AspNetCore.HttpClient", "Chapter34.AspNetCore.HttpClient", "{97CC5F19-49A1-417F-8093-DC55CE3C9B9B}"
EndProject
Project("{9A19103F-16F7-4668-BE54-9A1E7A4F7556}") = "AspNetCore.HttpClient", "src\Chapter34\AspNetCore.HttpClient.csproj", "{6FBF1013-82A5-4BB4-96D1-55DCCAD0262C}"
EndProject
Project("{2150E333-8FDC-42A3-9474-1A3956D46DE8}") = "Chapter35.AspNetCore.HttpClientWithHttpVerb", "Chapter35.AspNetCore.HttpClientWithHttpVerb", "{E07E7584-EA6B-44E0-8AA6-D637EE41D1E1}"
EndProject
Project("{9A19103F-16F7-4668-BE54-9A1E7A4F7556}") = "AspNetCore.HttpClientWithHttpVerb", "src\Chapter35\AspNetCore.HttpClientWithHttpVerb.csproj", "{1C802D46-7ED4-4A0B-A224-9A01B472BC45}"
EndProject
Project("{2150E333-8FDC-42A3-9474-1A3956D46DE8}") = "Chapter36.AspNetCore.HttpClientHander", "Chapter36.AspNetCore.HttpClientHander", "{60CB690D-1339-4C80-9A42-740910A95C01}"
EndProject
Project("{9A19103F-16F7-4668-BE54-9A1E7A4F7556}") = "AspNetCore.HttpClientHander", "src\Chapter36\AspNetCore.HttpClientHander.csproj", "{761C8BD5-0988-469A-9B1E-E12F444CA4AE}"
EndProject
Project("{2150E333-8FDC-42A3-9474-1A3956D46DE8}") = "Chapter37.AspNetCore.Swashbuckle", "Chapter37.AspNetCore.Swashbuckle", "{09F449FE-4FCC-4DA2-8C7B-256BAE17E83A}"
EndProject
Project("{9A19103F-16F7-4668-BE54-9A1E7A4F7556}") = "AspNetCore.Swashbuckle", "src\Chapter37\AspNetCore.Swashbuckle.csproj", "{098915F7-3C41-4672-9864-BBFC0A73836E}"
EndProject
Project("{2150E333-8FDC-42A3-9474-1A3956D46DE8}") = "Chapter38.AspNetCore.NSwag", "Chapter38.AspNetCore.NSwag", "{8F61E103-DC04-4A60-A397-527020DCA58C}"
EndProject
Project("{9A19103F-16F7-4668-BE54-9A1E7A4F7556}") = "AspNetCore.NSwag", "src\Chapter38\AspNetCore.NSwag.csproj", "{64144029-08F4-4739-A8CC-633715E9B555}"
EndProject
Project("{9A19103F-16F7-4668-BE54-9A1E7A4F7556}") = "AspNetCore.Cookie", "src\Chapter25\AspNetCore.Cookie.csproj", "{39AA950C-C6FA-4763-B6D3-8803E51FB3F5}"
EndProject
Project("{2150E333-8FDC-42A3-9474-1A3956D46DE8}") = "Chapter33.AspNetCore.API.JWT.Authentication", "Chapter33.AspNetCore.API.JWT.Authentication", "{B5F709C6-D29C-4584-AF31-69CED2011819}"
EndProject
Project("{9A19103F-16F7-4668-BE54-9A1E7A4F7556}") = "AspNetCore.API.JWT.Authentication", "src\Chapter33\AspNetCore.API.JWT.Authentication.csproj", "{89366285-B087-4B36-AC25-A23B58D3D72C}"
EndProject
Project("{2150E333-8FDC-42A3-9474-1A3956D46DE8}") = "Chapter39.EFCoreDbContext", "Chapter39.EFCoreDbContext", "{FDE376E6-CDF5-480F-9EC7-DA1C3FDBD895}"
EndProject
Project("{9A19103F-16F7-4668-BE54-9A1E7A4F7556}") = "EFCoreDbContext", "src\Chapter39\EFCoreDbContext.csproj", "{83B2F283-74CD-400E-BB74-F8CFF5C8310A}"
EndProject
Project("{2150E333-8FDC-42A3-9474-1A3956D46DE8}") = "Chapter40.EFCoreCodeFirst", "Chapter40.EFCoreCodeFirst", "{D652DF9F-3204-450A-A760-826E474C7892}"
EndProject
Project("{9A19103F-16F7-4668-BE54-9A1E7A4F7556}") = "EFCoreCodeFirst", "src\Chapter40\EFCoreCodeFirst.csproj", "{0656F000-4ED1-46A4-9F3E-2EBDA8A38A6E}"
EndProject
Project("{2150E333-8FDC-42A3-9474-1A3956D46DE8}") = "Chapter41.EFCoreMigration", "Chapter41.EFCoreMigration", "{3E8F61BC-8C6C-417E-9345-9F06676095F9}"
EndProject
Project("{9A19103F-16F7-4668-BE54-9A1E7A4F7556}") = "EFCoreMigration", "src\Chapter41\EFCoreMigration.csproj", "{00E9DF46-1BE8-4FEA-AE2E-ED718609685A}"
EndProject
Project("{2150E333-8FDC-42A3-9474-1A3956D46DE8}") = "Chapter42.EFCoreInsertRecords", "Chapter42.EFCoreInsertRecords", "{AFB68EC3-E26F-4E40-9F82-FE7777289345}"
EndProject
Project("{9A19103F-16F7-4668-BE54-9A1E7A4F7556}") = "EFCoreInsertRecords", "src\Chapter42\EFCoreInsertRecords.csproj", "{33125DBA-618F-4845-9791-6CF4313FA160}"
EndProject
Project("{2150E333-8FDC-42A3-9474-1A3956D46DE8}") = "Chapter43.EFCoreReadRecords", "Chapter43.EFCoreReadRecords", "{C82981AB-DA0A-428D-90AB-8E47FCF6F72D}"
EndProject
Project("{9A19103F-16F7-4668-BE54-9A1E7A4F7556}") = "EFCoreReadRecords", "src\Chapter43\EFCoreReadRecords.csproj", "{BBB9EB20-30D4-452F-8329-FAAA137D97CF}"
EndProject
Project("{2150E333-8FDC-42A3-9474-1A3956D46DE8}") = "Chapter44.EFCoreUpdateRecords", "Chapter44.EFCoreUpdateRecords", "{810A66B1-840F-4F24-9979-AA1A217D8486}"
EndProject
Project("{9A19103F-16F7-4668-BE54-9A1E7A4F7556}") = "EFCoreUpdateRecords", "src\Chapter44\EFCoreUpdateRecords.csproj", "{1DF3D2B1-6E91-4E6E-ACCA-20BCD51E1475}"
EndProject
Project("{2150E333-8FDC-42A3-9474-1A3956D46DE8}") = "Chapter47.EFCoreConventions", "Chapter47.EFCoreConventions", "{8B3AA051-9D7A-4E2F-9B11-7A304E98AF33}"
EndProject
Project("{9A19103F-16F7-4668-BE54-9A1E7A4F7556}") = "EFCoreConventions", "src\Chapter47\EFCoreConventions.csproj", "{5A0C2A1B-8D83-439F-B8CF-A3DE356C1B9E}"
EndProject
Project("{2150E333-8FDC-42A3-9474-1A3956D46DE8}") = "Chapter46.EFCoreConfiguration", "Chapter46.EFCoreConfiguration", "{BF10CD5F-0E60-416D-805F-ECBFD50F6E63}"
EndProject
Project("{9A19103F-16F7-4668-BE54-9A1E7A4F7556}") = "EFCoreConfiguration", "src\Chapter46\EFCoreConfiguration.csproj", "{95571AEB-5522-44FF-B877-5D7DF60520CF}"
EndProject
Project("{2150E333-8FDC-42A3-9474-1A3956D46DE8}") = "Chapter48.EFCoreFluentAPIOneToOne", "Chapter48.EFCoreFluentAPIOneToOne", "{3FEF018C-E638-47C4-97CA-E98F6CAF6CC7}"
EndProject
Project("{9A19103F-16F7-4668-BE54-9A1E7A4F7556}") = "EFCoreFluentAPIOneToOne", "src\Chapter48\EFCoreFluentAPIOneToOne.csproj", "{B648B818-1309-4BA9-8833-87E88F6689A4}"
EndProject
Project("{2150E333-8FDC-42A3-9474-1A3956D46DE8}") = "Chapter49.EFCoreFluentAPIOneToMany", "Chapter49.EFCoreFluentAPIOneToMany", "{B17CBA18-E2B4-4E23-AA91-7A73286E8900}"
EndProject
Project("{9A19103F-16F7-4668-BE54-9A1E7A4F7556}") = "EFCoreFluentAPIOneToMany", "src\Chapter49\EFCoreFluentAPIOneToMany.csproj", "{04800054-E318-46E3-AABB-64A3E7A90CBB}"
EndProject
Project("{2150E333-8FDC-42A3-9474-1A3956D46DE8}") = "Chapter50.EFCoreFluentAPIManyToMany", "Chapter50.EFCoreFluentAPIManyToMany", "{E7AB40CC-1CB7-4ACB-90D0-99499780D057}"
EndProject
Project("{9A19103F-16F7-4668-BE54-9A1E7A4F7556}") = "EFCoreFluentAPIManyToMany", "src\Chapter50\EFCoreFluentAPIManyToMany.csproj", "{8F57156A-CCDC-4FA0-81E9-3D01FA0AD5A0}"
EndProject
Project("{2150E333-8FDC-42A3-9474-1A3956D46DE8}") = "Chapter51.EFCoreExecuteRawSql", "Chapter51.EFCoreExecuteRawSql", "{384E2529-BE23-4E13-BAE6-FAC0A785B7D1}"
EndProject
Project("{9A19103F-16F7-4668-BE54-9A1E7A4F7556}") = "EFCoreExecuteRawSql", "src\Chapter50\EFCoreExecuteRawSql.csproj", "{12DDBA09-0CA0-4D45-8B3B-D5F5075A6FE7}"
EndProject
Project("{2150E333-8FDC-42A3-9474-1A3956D46DE8}") = "Chapter52.EFCoreExecuteStoredProcedures", "Chapter52.EFCoreExecuteStoredProcedures", "{84759F01-4B17-49D4-A511-D1231FD2C7FC}"
EndProject
Project("{9A19103F-16F7-4668-BE54-9A1E7A4F7556}") = "EFCoreExecuteStoredProcedures", "src\Chapter52\EFCoreExecuteStoredProcedures.csproj", "{30E271A7-956E-47AE-A7EF-7F2D2FEB2822}"
EndProject
Project("{2150E333-8FDC-42A3-9474-1A3956D46DE8}") = "Chapter45.EFCoreDeleteRecords", "Chapter45.EFCoreDeleteRecords", "{F8F2A17C-82C8-45ED-AAE2-823167356EBA}"
EndProject
Project("{9A19103F-16F7-4668-BE54-9A1E7A4F7556}") = "EFCoreDeleteRecords", "src\Chapter45\EFCoreDeleteRecords.csproj", "{4DEB79B7-0A58-4E75-B5CD-E4B214EDF2DA}"
EndProject
Project("{2150E333-8FDC-42A3-9474-1A3956D46DE8}") = "Chapter53.Third-Party.AngleSharp", "Chapter53.Third-Party.AngleSharp", "{C7F41A09-E144-421C-962E-671778998661}"
EndProject
Project("{9A19103F-16F7-4668-BE54-9A1E7A4F7556}") = "AngleSharp.Library.Console", "src\Chapter53\AngleSharp.Library.Console.csproj", "{D60CC6C2-AB44-4C6C-8206-9F0D2909F9C4}"
EndProject
Project("{2150E333-8FDC-42A3-9474-1A3956D46DE8}") = "Chapter54.Third-Party.QuestPDF", "Chapter54.Third-Party.QuestPDF", "{93519F67-6864-4B4F-B748-F33CC8811210}"
EndProject
Project("{9A19103F-16F7-4668-BE54-9A1E7A4F7556}") = "QuestPDF.Library", "src\Chapter54\QuestPDF.Library.csproj", "{B0E56D9E-6E61-49EA-AD22-1FCF5247FE21}"
EndProject
Project("{2150E333-8FDC-42A3-9474-1A3956D46DE8}") = "Chapter55.Third-Party.FastEndpoint", "Chapter55.Third-Party.FastEndpoint", "{207FC88A-B634-427B-8A9B-B808D79564AD}"
EndProject
Project("{9A19103F-16F7-4668-BE54-9A1E7A4F7556}") = "FastEndpoint.Library", "src\Chapter55\FastEndpoint.Library.csproj", "{6D954EA7-F1DD-4883-82E6-A8A633006D27}"
EndProject
Project("{2150E333-8FDC-42A3-9474-1A3956D46DE8}") = "Chapter56.Third-Party.Quartz", "Chapter56.Third-Party.Quartz", "{D69D12D1-AA47-4082-A80E-4E0FC1194341}"
EndProject
Project("{9A19103F-16F7-4668-BE54-9A1E7A4F7556}") = "AspNetCore.Quartz", "src\Chapter56\AspNetCore.Quartz.csproj", "{B961CE79-ACBF-4227-9470-BBFE92EB1EB7}"
EndProject
Project("{2150E333-8FDC-42A3-9474-1A3956D46DE8}") = "Azure-AI", "Azure-AI", "{F9529554-1483-44D7-AA88-85FE0B4624E7}"
EndProject
Project("{2150E333-8FDC-42A3-9474-1A3956D46DE8}") = "01-use-azure-ai-services", "01-use-azure-ai-services", "{1220019A-F94A-4690-BA7B-3108DE2C438C}"
EndProject
Project("{9A19103F-16F7-4668-BE54-9A1E7A4F7556}") = "rest_client", "src\Azure-AI\01-use-azure-ai-services\rest-client\rest_client.csproj", "{CC2F8677-A6EC-4F03-B2FD-EED8A602B130}"
EndProject
Project("{2150E333-8FDC-42A3-9474-1A3956D46DE8}") = "03-azure-ai-nlp", "03-azure-ai-nlp", "{91648EBB-55EC-440F-B1B2-E57867152FD6}"
EndProject
Project("{2150E333-8FDC-42A3-9474-1A3956D46DE8}") = "01-analyze-text", "01-analyze-text", "{AEA050BF-62E7-428D-B2E4-BCDFA9C28523}"
EndProject
Project("{9A19103F-16F7-4668-BE54-9A1E7A4F7556}") = "text-analysis", "src\Azure-AI\mslearn-ai-language\01-analyze-text\text-analysis.csproj", "{7947DC72-779C-4775-A2D5-74CFB3D14566}"
EndProject
Project("{2150E333-8FDC-42A3-9474-1A3956D46DE8}") = "mslearn-ai-document-intelligence", "mslearn-ai-document-intelligence", "{A6EDB0A5-C419-422C-B98C-F7F83212889C}"
EndProject
Project("{2150E333-8FDC-42A3-9474-1A3956D46DE8}") = "01-prebuild-models", "01-prebuild-models", "{33018D85-A788-4AA2-9F5F-FA444F44D50E}"
EndProject
Project("{9A19103F-16F7-4668-BE54-9A1E7A4F7556}") = "invoicereader", "src\Azure-AI\mslearn-ai-document-intelligence\01-prebuild-models\invoicereader.csproj", "{FCF963A4-65BE-4E7F-82F4-344480E3524A}"
EndProject
Project("{2150E333-8FDC-42A3-9474-1A3956D46DE8}") = "Yarp", "Yarp", "{2843FCD8-45A4-4B1B-BC2D-9D26E7A0361C}"
EndProject
Project("{2150E333-8FDC-42A3-9474-1A3956D46DE8}") = "Yarp.Demo.BackEnd", "Yarp.Demo.BackEnd", "{87E61278-8569-4F7B-AB42-322C444E028D}"
EndProject
Project("{2150E333-8FDC-42A3-9474-1A3956D46DE8}") = "Yarp.Demo.FrontEnd", "Yarp.Demo.FrontEnd", "{9ADA6256-9F56-4B38-884E-18DC7A99D4E2}"
EndProject
Project("{2150E333-8FDC-42A3-9474-1A3956D46DE8}") = "Yarp.Demo.Proxy", "Yarp.Demo.Proxy", "{B3B7F831-4B6C-4D29-AB16-15008A37D46C}"
EndProject
Project("{9A19103F-16F7-4668-BE54-9A1E7A4F7556}") = "Yarp.Demo.BackEnd", "src\Yarp\Yarp.Demo.BackEnd\Yarp.Demo.BackEnd.csproj", "{7E05520C-8B97-4B85-BBC2-F58A23BDC730}"
EndProject
Project("{9A19103F-16F7-4668-BE54-9A1E7A4F7556}") = "Yarp.Demo.FrontEnd", "src\Yarp\Yarp.Demo.FrontEnd\Yarp.Demo.FrontEnd.csproj", "{4FC1CB01-C035-4484-A688-010C7013A0E7}"
EndProject
Project("{9A19103F-16F7-4668-BE54-9A1E7A4F7556}") = "Yarp.Demo.Proxy", "src\Yarp\Yarp.Demo.Proxy\Yarp.Demo.Proxy.csproj", "{5FA3BE65-5757-4394-872E-C2CF055EF767}"
EndProject
Project("{2150E333-8FDC-42A3-9474-1A3956D46DE8}") = "WindowService", "WindowService", "{FE9BE143-0CAA-4C22-AE7D-0464E5CA7DC8}"
EndProject
Project("{9A19103F-16F7-4668-BE54-9A1E7A4F7556}") = "WindowService", "src\WindowService\WindowService\WindowService.csproj", "{14E22FC6-837B-41A9-92BB-26FC25340EE2}"
EndProject
Project("{2150E333-8FDC-42A3-9474-1A3956D46DE8}") = "mslearn-openai", "mslearn-openai", "{0AF30470-ABF2-4C04-9A43-8DDC16A32018}"
EndProject
Project("{2150E333-8FDC-42A3-9474-1A3956D46DE8}") = "sample-code", "sample-code", "{439DAD7B-5F15-495B-B193-B853773CF252}"
EndProject
Project("{2150E333-8FDC-42A3-9474-1A3956D46DE8}") = "function", "function", "{9C08961E-8B36-47EB-ADE6-63A34C03CA9B}"
	ProjectSection(SolutionItems) = preProject
		src\Azure-AI\mslearn-openai\sample-code\function\function.cs = src\Azure-AI\mslearn-openai\sample-code\function\function.cs
	EndProjectSection
EndProject
Project("{2150E333-8FDC-42A3-9474-1A3956D46DE8}") = "go-fish", "go-fish", "{9FC57745-29AE-4DA5-96F0-769E2696407C}"
	ProjectSection(SolutionItems) = preProject
		src\Azure-AI\mslearn-openai\sample-code\go-fish\go-fish.cs = src\Azure-AI\mslearn-openai\sample-code\go-fish\go-fish.cs
	EndProjectSection
EndProject
Project("{9A19103F-16F7-4668-BE54-9A1E7A4F7556}") = "02-azure-openai-api", "src\Azure-AI\mslearn-openai\02-azure-openai-api\02-azure-openai-api.csproj", "{4853A5DF-DFD8-4004-8F80-44F0A556831C}"
EndProject
Project("{9A19103F-16F7-4668-BE54-9A1E7A4F7556}") = "03-prompt-engineering", "src\Azure-AI\mslearn-openai\03-prompt-engineering\03-prompt-engineering.csproj", "{0BAD841E-7111-4F5F-B170-22EF2EB94D9C}"
EndProject
Project("{9A19103F-16F7-4668-BE54-9A1E7A4F7556}") = "04-code-generation", "src\Azure-AI\mslearn-openai\04-code-generation\04-code-generation.csproj", "{3209E727-218A-46EB-BBD5-EF0C6DF4C55C}"
EndProject
Project("{9A19103F-16F7-4668-BE54-9A1E7A4F7556}") = "05-image-generation", "src\Azure-AI\mslearn-openai\05-image-generation\05-image-generation.csproj", "{7FA470AB-8BB8-4A27-8D0D-C6E6C071C5F8}"
EndProject
Project("{9A19103F-16F7-4668-BE54-9A1E7A4F7556}") = "06-use-own-data", "src\Azure-AI\mslearn-openai\06-use-own-data\06-use-own-data.csproj", "{E7140EAE-7EC2-4226-8EFE-F15EB2178654}"
EndProject
Project("{2150E333-8FDC-42A3-9474-1A3956D46DE8}") = "aspnetcore-knowledge-point", "aspnetcore-knowledge-point", "{EDC74A37-0C09-40BA-B71B-6A572099E116}"
EndProject
Project("{9A19103F-16F7-4668-BE54-9A1E7A4F7556}") = "query-string", "src\aspnetcore-knowledge-point\query-string\query-string.csproj", "{A89893CC-2F6C-4BE5-971C-CD9AD95636E9}"
EndProject
Project("{9A19103F-16F7-4668-BE54-9A1E7A4F7556}") = "cookies", "src\aspnetcore-knowledge-point\cookies\cookies.csproj", "{7D584BDA-8FD8-49C9-8C23-34DB200C9586}"
EndProject
Project("{9A19103F-16F7-4668-BE54-9A1E7A4F7556}") = "query-string-create", "src\aspnetcore-knowledge-point\query-string-create\query-string-create.csproj", "{AA247FA4-5BB2-4721-A28F-5B9545AD8C86}"
EndProject
Project("{9A19103F-16F7-4668-BE54-9A1E7A4F7556}") = "read-form-values", "src\aspnetcore-knowledge-point\read-form-values\read-form-values.csproj", "{99260E03-217F-46D3-9B8B-649A87CF266A}"
EndProject
Project("{9A19103F-16F7-4668-BE54-9A1E7A4F7556}") = "form-url-encoded-content", "src\aspnetcore-knowledge-point\form-url-encoded-content\form-url-encoded-content.csproj", "{2010CAD4-1C3B-4DF7-848C-82E96218A819}"
EndProject
Project("{9A19103F-16F7-4668-BE54-9A1E7A4F7556}") = "form-upload-file", "src\aspnetcore-knowledge-point\form-upload-file\form-upload-file.csproj", "{4F38BDB0-78DE-46F3-9127-B812103C854F}"
EndProject
Project("{9A19103F-16F7-4668-BE54-9A1E7A4F7556}") = "request-header", "src\aspnetcore-knowledge-point\request-header\request-header.csproj", "{0A76C092-9218-42A9-AB15-BC0B4BD24083}"
EndProject
Project("{9A19103F-16F7-4668-BE54-9A1E7A4F7556}") = "anti-forgery", "src\aspnetcore-knowledge-point\anti-forgery\anti-forgery.csproj", "{54EEDEBC-AE60-4FB4-A2D9-EA69516751E7}"
EndProject
Project("{FAE04EC0-301F-11D3-BF4B-00C04F79EFBC}") = "http-response", "src\aspnetcore-knowledge-point\http-response\http-response.csproj", "{4A4E9DB2-743C-4967-9EAC-E852A1FD58E4}"
EndProject
Project("{FAE04EC0-301F-11D3-BF4B-00C04F79EFBC}") = "compression-response", "src\aspnetcore-knowledge-point\compression-response\compression-response.csproj", "{5E1674A3-8FB5-4F96-B1DE-56312B6B7F90}"
EndProject
Global
	GlobalSection(SolutionConfigurationPlatforms) = preSolution
		Debug|Any CPU = Debug|Any CPU
		Release|Any CPU = Release|Any CPU
	EndGlobalSection
	GlobalSection(ProjectConfigurationPlatforms) = postSolution
		{670A008A-881D-44C5-871C-23B2EC724190}.Debug|Any CPU.ActiveCfg = Debug|Any CPU
		{670A008A-881D-44C5-871C-23B2EC724190}.Debug|Any CPU.Build.0 = Debug|Any CPU
		{670A008A-881D-44C5-871C-23B2EC724190}.Release|Any CPU.ActiveCfg = Release|Any CPU
		{670A008A-881D-44C5-871C-23B2EC724190}.Release|Any CPU.Build.0 = Release|Any CPU
		{3C1570F7-4F75-4F50-994B-FD0926E997D6}.Debug|Any CPU.ActiveCfg = Debug|Any CPU
		{3C1570F7-4F75-4F50-994B-FD0926E997D6}.Debug|Any CPU.Build.0 = Debug|Any CPU
		{3C1570F7-4F75-4F50-994B-FD0926E997D6}.Release|Any CPU.ActiveCfg = Release|Any CPU
		{3C1570F7-4F75-4F50-994B-FD0926E997D6}.Release|Any CPU.Build.0 = Release|Any CPU
		{BCF7B7D0-FF88-4E73-80EC-2DB79A8974BB}.Debug|Any CPU.ActiveCfg = Debug|Any CPU
		{BCF7B7D0-FF88-4E73-80EC-2DB79A8974BB}.Debug|Any CPU.Build.0 = Debug|Any CPU
		{BCF7B7D0-FF88-4E73-80EC-2DB79A8974BB}.Release|Any CPU.ActiveCfg = Release|Any CPU
		{BCF7B7D0-FF88-4E73-80EC-2DB79A8974BB}.Release|Any CPU.Build.0 = Release|Any CPU
		{E54F329E-DDC5-491E-8D40-65E95EED240B}.Debug|Any CPU.ActiveCfg = Debug|Any CPU
		{E54F329E-DDC5-491E-8D40-65E95EED240B}.Debug|Any CPU.Build.0 = Debug|Any CPU
		{E54F329E-DDC5-491E-8D40-65E95EED240B}.Release|Any CPU.ActiveCfg = Release|Any CPU
		{E54F329E-DDC5-491E-8D40-65E95EED240B}.Release|Any CPU.Build.0 = Release|Any CPU
		{3AE9F2AB-B6FD-409A-A36E-39AC084EEB63}.Debug|Any CPU.ActiveCfg = Debug|Any CPU
		{3AE9F2AB-B6FD-409A-A36E-39AC084EEB63}.Debug|Any CPU.Build.0 = Debug|Any CPU
		{3AE9F2AB-B6FD-409A-A36E-39AC084EEB63}.Release|Any CPU.ActiveCfg = Release|Any CPU
		{3AE9F2AB-B6FD-409A-A36E-39AC084EEB63}.Release|Any CPU.Build.0 = Release|Any CPU
		{6CBD3D2E-22DD-45ED-8E33-ABCA45C1AA56}.Debug|Any CPU.ActiveCfg = Debug|Any CPU
		{6CBD3D2E-22DD-45ED-8E33-ABCA45C1AA56}.Debug|Any CPU.Build.0 = Debug|Any CPU
		{6CBD3D2E-22DD-45ED-8E33-ABCA45C1AA56}.Release|Any CPU.ActiveCfg = Release|Any CPU
		{6CBD3D2E-22DD-45ED-8E33-ABCA45C1AA56}.Release|Any CPU.Build.0 = Release|Any CPU
		{AF6289B2-B4F4-4131-AD71-A397D6B06690}.Debug|Any CPU.ActiveCfg = Debug|Any CPU
		{AF6289B2-B4F4-4131-AD71-A397D6B06690}.Debug|Any CPU.Build.0 = Debug|Any CPU
		{AF6289B2-B4F4-4131-AD71-A397D6B06690}.Release|Any CPU.ActiveCfg = Release|Any CPU
		{AF6289B2-B4F4-4131-AD71-A397D6B06690}.Release|Any CPU.Build.0 = Release|Any CPU
		{005FAB2C-D4EA-4B5A-8D4D-EF9AAF7368C2}.Debug|Any CPU.ActiveCfg = Debug|Any CPU
		{005FAB2C-D4EA-4B5A-8D4D-EF9AAF7368C2}.Debug|Any CPU.Build.0 = Debug|Any CPU
		{005FAB2C-D4EA-4B5A-8D4D-EF9AAF7368C2}.Release|Any CPU.ActiveCfg = Release|Any CPU
		{005FAB2C-D4EA-4B5A-8D4D-EF9AAF7368C2}.Release|Any CPU.Build.0 = Release|Any CPU
		{743F9A63-AAB7-4441-A776-D9159EBFDB53}.Debug|Any CPU.ActiveCfg = Debug|Any CPU
		{743F9A63-AAB7-4441-A776-D9159EBFDB53}.Debug|Any CPU.Build.0 = Debug|Any CPU
		{743F9A63-AAB7-4441-A776-D9159EBFDB53}.Release|Any CPU.ActiveCfg = Release|Any CPU
		{743F9A63-AAB7-4441-A776-D9159EBFDB53}.Release|Any CPU.Build.0 = Release|Any CPU
		{4D1FD96F-036B-4B81-AE74-C781C0897143}.Debug|Any CPU.ActiveCfg = Debug|Any CPU
		{4D1FD96F-036B-4B81-AE74-C781C0897143}.Debug|Any CPU.Build.0 = Debug|Any CPU
		{4D1FD96F-036B-4B81-AE74-C781C0897143}.Release|Any CPU.ActiveCfg = Release|Any CPU
		{4D1FD96F-036B-4B81-AE74-C781C0897143}.Release|Any CPU.Build.0 = Release|Any CPU
		{4044EB75-BBE3-4050-8092-5DD7F2C835C9}.Debug|Any CPU.ActiveCfg = Debug|Any CPU
		{4044EB75-BBE3-4050-8092-5DD7F2C835C9}.Debug|Any CPU.Build.0 = Debug|Any CPU
		{4044EB75-BBE3-4050-8092-5DD7F2C835C9}.Release|Any CPU.ActiveCfg = Release|Any CPU
		{4044EB75-BBE3-4050-8092-5DD7F2C835C9}.Release|Any CPU.Build.0 = Release|Any CPU
		{C657E3A3-C18A-49E8-863D-C201B055F43B}.Debug|Any CPU.ActiveCfg = Debug|Any CPU
		{C657E3A3-C18A-49E8-863D-C201B055F43B}.Debug|Any CPU.Build.0 = Debug|Any CPU
		{C657E3A3-C18A-49E8-863D-C201B055F43B}.Release|Any CPU.ActiveCfg = Release|Any CPU
		{C657E3A3-C18A-49E8-863D-C201B055F43B}.Release|Any CPU.Build.0 = Release|Any CPU
		{26EEA17E-3E06-4676-8FEC-15C0DA05ADC8}.Debug|Any CPU.ActiveCfg = Debug|Any CPU
		{26EEA17E-3E06-4676-8FEC-15C0DA05ADC8}.Debug|Any CPU.Build.0 = Debug|Any CPU
		{26EEA17E-3E06-4676-8FEC-15C0DA05ADC8}.Release|Any CPU.ActiveCfg = Release|Any CPU
		{26EEA17E-3E06-4676-8FEC-15C0DA05ADC8}.Release|Any CPU.Build.0 = Release|Any CPU
		{C2907162-8DBF-4405-A7C9-B7DDDE421055}.Debug|Any CPU.ActiveCfg = Debug|Any CPU
		{C2907162-8DBF-4405-A7C9-B7DDDE421055}.Debug|Any CPU.Build.0 = Debug|Any CPU
		{C2907162-8DBF-4405-A7C9-B7DDDE421055}.Release|Any CPU.ActiveCfg = Release|Any CPU
		{C2907162-8DBF-4405-A7C9-B7DDDE421055}.Release|Any CPU.Build.0 = Release|Any CPU
		{E5625232-F250-4DE5-9C66-534BF6BD248D}.Debug|Any CPU.ActiveCfg = Debug|Any CPU
		{E5625232-F250-4DE5-9C66-534BF6BD248D}.Debug|Any CPU.Build.0 = Debug|Any CPU
		{E5625232-F250-4DE5-9C66-534BF6BD248D}.Release|Any CPU.ActiveCfg = Release|Any CPU
		{E5625232-F250-4DE5-9C66-534BF6BD248D}.Release|Any CPU.Build.0 = Release|Any CPU
		{80096491-0478-4379-AA5D-7C7D5CDE4563}.Debug|Any CPU.ActiveCfg = Debug|Any CPU
		{80096491-0478-4379-AA5D-7C7D5CDE4563}.Debug|Any CPU.Build.0 = Debug|Any CPU
		{80096491-0478-4379-AA5D-7C7D5CDE4563}.Release|Any CPU.ActiveCfg = Release|Any CPU
		{80096491-0478-4379-AA5D-7C7D5CDE4563}.Release|Any CPU.Build.0 = Release|Any CPU
		{3A3F0F9B-D4FF-45FE-87A2-C30C38B367F6}.Debug|Any CPU.ActiveCfg = Debug|Any CPU
		{3A3F0F9B-D4FF-45FE-87A2-C30C38B367F6}.Debug|Any CPU.Build.0 = Debug|Any CPU
		{3A3F0F9B-D4FF-45FE-87A2-C30C38B367F6}.Release|Any CPU.ActiveCfg = Release|Any CPU
		{3A3F0F9B-D4FF-45FE-87A2-C30C38B367F6}.Release|Any CPU.Build.0 = Release|Any CPU
		{96C483B5-7DCB-4DA1-8E0A-E5E5FAE00112}.Debug|Any CPU.ActiveCfg = Debug|Any CPU
		{96C483B5-7DCB-4DA1-8E0A-E5E5FAE00112}.Debug|Any CPU.Build.0 = Debug|Any CPU
		{96C483B5-7DCB-4DA1-8E0A-E5E5FAE00112}.Release|Any CPU.ActiveCfg = Release|Any CPU
		{96C483B5-7DCB-4DA1-8E0A-E5E5FAE00112}.Release|Any CPU.Build.0 = Release|Any CPU
		{28E06209-4C15-49F7-BB39-3A4B5FB3DEDF}.Debug|Any CPU.ActiveCfg = Debug|Any CPU
		{28E06209-4C15-49F7-BB39-3A4B5FB3DEDF}.Debug|Any CPU.Build.0 = Debug|Any CPU
		{28E06209-4C15-49F7-BB39-3A4B5FB3DEDF}.Release|Any CPU.ActiveCfg = Release|Any CPU
		{28E06209-4C15-49F7-BB39-3A4B5FB3DEDF}.Release|Any CPU.Build.0 = Release|Any CPU
		{33CF7B0B-3B05-423B-9641-0E86E434A91C}.Debug|Any CPU.ActiveCfg = Debug|Any CPU
		{33CF7B0B-3B05-423B-9641-0E86E434A91C}.Debug|Any CPU.Build.0 = Debug|Any CPU
		{33CF7B0B-3B05-423B-9641-0E86E434A91C}.Release|Any CPU.ActiveCfg = Release|Any CPU
		{33CF7B0B-3B05-423B-9641-0E86E434A91C}.Release|Any CPU.Build.0 = Release|Any CPU
		{02132BD9-BDE4-4FEF-8BAD-FF34F758DA51}.Debug|Any CPU.ActiveCfg = Debug|Any CPU
		{02132BD9-BDE4-4FEF-8BAD-FF34F758DA51}.Debug|Any CPU.Build.0 = Debug|Any CPU
		{02132BD9-BDE4-4FEF-8BAD-FF34F758DA51}.Release|Any CPU.ActiveCfg = Release|Any CPU
		{02132BD9-BDE4-4FEF-8BAD-FF34F758DA51}.Release|Any CPU.Build.0 = Release|Any CPU
		{683FC538-C5B0-42A7-A633-48B3554A44FA}.Debug|Any CPU.ActiveCfg = Debug|Any CPU
		{683FC538-C5B0-42A7-A633-48B3554A44FA}.Debug|Any CPU.Build.0 = Debug|Any CPU
		{683FC538-C5B0-42A7-A633-48B3554A44FA}.Release|Any CPU.ActiveCfg = Release|Any CPU
		{683FC538-C5B0-42A7-A633-48B3554A44FA}.Release|Any CPU.Build.0 = Release|Any CPU
		{F3C28C0F-13A5-4427-A389-2568DC4CB42E}.Debug|Any CPU.ActiveCfg = Debug|Any CPU
		{F3C28C0F-13A5-4427-A389-2568DC4CB42E}.Debug|Any CPU.Build.0 = Debug|Any CPU
		{F3C28C0F-13A5-4427-A389-2568DC4CB42E}.Release|Any CPU.ActiveCfg = Release|Any CPU
		{F3C28C0F-13A5-4427-A389-2568DC4CB42E}.Release|Any CPU.Build.0 = Release|Any CPU
		{12764ADA-C67C-4E74-93E4-62990211B6E4}.Debug|Any CPU.ActiveCfg = Debug|Any CPU
		{12764ADA-C67C-4E74-93E4-62990211B6E4}.Debug|Any CPU.Build.0 = Debug|Any CPU
		{12764ADA-C67C-4E74-93E4-62990211B6E4}.Release|Any CPU.ActiveCfg = Release|Any CPU
		{12764ADA-C67C-4E74-93E4-62990211B6E4}.Release|Any CPU.Build.0 = Release|Any CPU
		{8DE73B62-71F5-4FCB-900A-9B60711D5387}.Debug|Any CPU.ActiveCfg = Debug|Any CPU
		{8DE73B62-71F5-4FCB-900A-9B60711D5387}.Debug|Any CPU.Build.0 = Debug|Any CPU
		{8DE73B62-71F5-4FCB-900A-9B60711D5387}.Release|Any CPU.ActiveCfg = Release|Any CPU
		{8DE73B62-71F5-4FCB-900A-9B60711D5387}.Release|Any CPU.Build.0 = Release|Any CPU
		{39824896-416E-476F-ACEA-5A0A8105A02A}.Debug|Any CPU.ActiveCfg = Debug|Any CPU
		{39824896-416E-476F-ACEA-5A0A8105A02A}.Debug|Any CPU.Build.0 = Debug|Any CPU
		{39824896-416E-476F-ACEA-5A0A8105A02A}.Release|Any CPU.ActiveCfg = Release|Any CPU
		{39824896-416E-476F-ACEA-5A0A8105A02A}.Release|Any CPU.Build.0 = Release|Any CPU
		{331484DA-73EC-4DC7-B187-21F99FC40396}.Debug|Any CPU.ActiveCfg = Debug|Any CPU
		{331484DA-73EC-4DC7-B187-21F99FC40396}.Debug|Any CPU.Build.0 = Debug|Any CPU
		{331484DA-73EC-4DC7-B187-21F99FC40396}.Release|Any CPU.ActiveCfg = Release|Any CPU
		{331484DA-73EC-4DC7-B187-21F99FC40396}.Release|Any CPU.Build.0 = Release|Any CPU
		{3D365647-DE0A-4286-98FA-8420E0C8D796}.Debug|Any CPU.ActiveCfg = Debug|Any CPU
		{3D365647-DE0A-4286-98FA-8420E0C8D796}.Debug|Any CPU.Build.0 = Debug|Any CPU
		{3D365647-DE0A-4286-98FA-8420E0C8D796}.Release|Any CPU.ActiveCfg = Release|Any CPU
		{3D365647-DE0A-4286-98FA-8420E0C8D796}.Release|Any CPU.Build.0 = Release|Any CPU
		{24290686-4746-49B3-8D53-A75EC15935DF}.Debug|Any CPU.ActiveCfg = Debug|Any CPU
		{24290686-4746-49B3-8D53-A75EC15935DF}.Debug|Any CPU.Build.0 = Debug|Any CPU
		{24290686-4746-49B3-8D53-A75EC15935DF}.Release|Any CPU.ActiveCfg = Release|Any CPU
		{24290686-4746-49B3-8D53-A75EC15935DF}.Release|Any CPU.Build.0 = Release|Any CPU
		{E11DC45D-111E-490C-9A0C-FB82DBB805EA}.Debug|Any CPU.ActiveCfg = Debug|Any CPU
		{E11DC45D-111E-490C-9A0C-FB82DBB805EA}.Debug|Any CPU.Build.0 = Debug|Any CPU
		{E11DC45D-111E-490C-9A0C-FB82DBB805EA}.Release|Any CPU.ActiveCfg = Release|Any CPU
		{E11DC45D-111E-490C-9A0C-FB82DBB805EA}.Release|Any CPU.Build.0 = Release|Any CPU
		{274974D9-CB76-49BF-9000-9FEDAEFBD3AE}.Debug|Any CPU.ActiveCfg = Debug|Any CPU
		{274974D9-CB76-49BF-9000-9FEDAEFBD3AE}.Debug|Any CPU.Build.0 = Debug|Any CPU
		{274974D9-CB76-49BF-9000-9FEDAEFBD3AE}.Release|Any CPU.ActiveCfg = Release|Any CPU
		{274974D9-CB76-49BF-9000-9FEDAEFBD3AE}.Release|Any CPU.Build.0 = Release|Any CPU
		{6FBF1013-82A5-4BB4-96D1-55DCCAD0262C}.Debug|Any CPU.ActiveCfg = Debug|Any CPU
		{6FBF1013-82A5-4BB4-96D1-55DCCAD0262C}.Debug|Any CPU.Build.0 = Debug|Any CPU
		{6FBF1013-82A5-4BB4-96D1-55DCCAD0262C}.Release|Any CPU.ActiveCfg = Release|Any CPU
		{6FBF1013-82A5-4BB4-96D1-55DCCAD0262C}.Release|Any CPU.Build.0 = Release|Any CPU
		{1C802D46-7ED4-4A0B-A224-9A01B472BC45}.Debug|Any CPU.ActiveCfg = Debug|Any CPU
		{1C802D46-7ED4-4A0B-A224-9A01B472BC45}.Debug|Any CPU.Build.0 = Debug|Any CPU
		{1C802D46-7ED4-4A0B-A224-9A01B472BC45}.Release|Any CPU.ActiveCfg = Release|Any CPU
		{1C802D46-7ED4-4A0B-A224-9A01B472BC45}.Release|Any CPU.Build.0 = Release|Any CPU
		{761C8BD5-0988-469A-9B1E-E12F444CA4AE}.Debug|Any CPU.ActiveCfg = Debug|Any CPU
		{761C8BD5-0988-469A-9B1E-E12F444CA4AE}.Debug|Any CPU.Build.0 = Debug|Any CPU
		{761C8BD5-0988-469A-9B1E-E12F444CA4AE}.Release|Any CPU.ActiveCfg = Release|Any CPU
		{761C8BD5-0988-469A-9B1E-E12F444CA4AE}.Release|Any CPU.Build.0 = Release|Any CPU
		{098915F7-3C41-4672-9864-BBFC0A73836E}.Debug|Any CPU.ActiveCfg = Debug|Any CPU
		{098915F7-3C41-4672-9864-BBFC0A73836E}.Debug|Any CPU.Build.0 = Debug|Any CPU
		{098915F7-3C41-4672-9864-BBFC0A73836E}.Release|Any CPU.ActiveCfg = Release|Any CPU
		{098915F7-3C41-4672-9864-BBFC0A73836E}.Release|Any CPU.Build.0 = Release|Any CPU
		{64144029-08F4-4739-A8CC-633715E9B555}.Debug|Any CPU.ActiveCfg = Debug|Any CPU
		{64144029-08F4-4739-A8CC-633715E9B555}.Debug|Any CPU.Build.0 = Debug|Any CPU
		{64144029-08F4-4739-A8CC-633715E9B555}.Release|Any CPU.ActiveCfg = Release|Any CPU
		{64144029-08F4-4739-A8CC-633715E9B555}.Release|Any CPU.Build.0 = Release|Any CPU
		{39AA950C-C6FA-4763-B6D3-8803E51FB3F5}.Debug|Any CPU.ActiveCfg = Debug|Any CPU
		{39AA950C-C6FA-4763-B6D3-8803E51FB3F5}.Debug|Any CPU.Build.0 = Debug|Any CPU
		{39AA950C-C6FA-4763-B6D3-8803E51FB3F5}.Release|Any CPU.ActiveCfg = Release|Any CPU
		{39AA950C-C6FA-4763-B6D3-8803E51FB3F5}.Release|Any CPU.Build.0 = Release|Any CPU
		{89366285-B087-4B36-AC25-A23B58D3D72C}.Debug|Any CPU.ActiveCfg = Debug|Any CPU
		{89366285-B087-4B36-AC25-A23B58D3D72C}.Debug|Any CPU.Build.0 = Debug|Any CPU
		{89366285-B087-4B36-AC25-A23B58D3D72C}.Release|Any CPU.ActiveCfg = Release|Any CPU
		{89366285-B087-4B36-AC25-A23B58D3D72C}.Release|Any CPU.Build.0 = Release|Any CPU
		{83B2F283-74CD-400E-BB74-F8CFF5C8310A}.Debug|Any CPU.ActiveCfg = Debug|Any CPU
		{83B2F283-74CD-400E-BB74-F8CFF5C8310A}.Debug|Any CPU.Build.0 = Debug|Any CPU
		{83B2F283-74CD-400E-BB74-F8CFF5C8310A}.Release|Any CPU.ActiveCfg = Release|Any CPU
		{83B2F283-74CD-400E-BB74-F8CFF5C8310A}.Release|Any CPU.Build.0 = Release|Any CPU
		{0656F000-4ED1-46A4-9F3E-2EBDA8A38A6E}.Debug|Any CPU.ActiveCfg = Debug|Any CPU
		{0656F000-4ED1-46A4-9F3E-2EBDA8A38A6E}.Debug|Any CPU.Build.0 = Debug|Any CPU
		{0656F000-4ED1-46A4-9F3E-2EBDA8A38A6E}.Release|Any CPU.ActiveCfg = Release|Any CPU
		{0656F000-4ED1-46A4-9F3E-2EBDA8A38A6E}.Release|Any CPU.Build.0 = Release|Any CPU
		{00E9DF46-1BE8-4FEA-AE2E-ED718609685A}.Debug|Any CPU.ActiveCfg = Debug|Any CPU
		{00E9DF46-1BE8-4FEA-AE2E-ED718609685A}.Debug|Any CPU.Build.0 = Debug|Any CPU
		{00E9DF46-1BE8-4FEA-AE2E-ED718609685A}.Release|Any CPU.ActiveCfg = Release|Any CPU
		{00E9DF46-1BE8-4FEA-AE2E-ED718609685A}.Release|Any CPU.Build.0 = Release|Any CPU
		{33125DBA-618F-4845-9791-6CF4313FA160}.Debug|Any CPU.ActiveCfg = Debug|Any CPU
		{33125DBA-618F-4845-9791-6CF4313FA160}.Debug|Any CPU.Build.0 = Debug|Any CPU
		{33125DBA-618F-4845-9791-6CF4313FA160}.Release|Any CPU.ActiveCfg = Release|Any CPU
		{33125DBA-618F-4845-9791-6CF4313FA160}.Release|Any CPU.Build.0 = Release|Any CPU
		{BBB9EB20-30D4-452F-8329-FAAA137D97CF}.Debug|Any CPU.ActiveCfg = Debug|Any CPU
		{BBB9EB20-30D4-452F-8329-FAAA137D97CF}.Debug|Any CPU.Build.0 = Debug|Any CPU
		{BBB9EB20-30D4-452F-8329-FAAA137D97CF}.Release|Any CPU.ActiveCfg = Release|Any CPU
		{BBB9EB20-30D4-452F-8329-FAAA137D97CF}.Release|Any CPU.Build.0 = Release|Any CPU
		{1DF3D2B1-6E91-4E6E-ACCA-20BCD51E1475}.Debug|Any CPU.ActiveCfg = Debug|Any CPU
		{1DF3D2B1-6E91-4E6E-ACCA-20BCD51E1475}.Debug|Any CPU.Build.0 = Debug|Any CPU
		{1DF3D2B1-6E91-4E6E-ACCA-20BCD51E1475}.Release|Any CPU.ActiveCfg = Release|Any CPU
		{1DF3D2B1-6E91-4E6E-ACCA-20BCD51E1475}.Release|Any CPU.Build.0 = Release|Any CPU
		{5A0C2A1B-8D83-439F-B8CF-A3DE356C1B9E}.Debug|Any CPU.ActiveCfg = Debug|Any CPU
		{5A0C2A1B-8D83-439F-B8CF-A3DE356C1B9E}.Debug|Any CPU.Build.0 = Debug|Any CPU
		{5A0C2A1B-8D83-439F-B8CF-A3DE356C1B9E}.Release|Any CPU.ActiveCfg = Release|Any CPU
		{5A0C2A1B-8D83-439F-B8CF-A3DE356C1B9E}.Release|Any CPU.Build.0 = Release|Any CPU
		{95571AEB-5522-44FF-B877-5D7DF60520CF}.Debug|Any CPU.ActiveCfg = Debug|Any CPU
		{95571AEB-5522-44FF-B877-5D7DF60520CF}.Debug|Any CPU.Build.0 = Debug|Any CPU
		{95571AEB-5522-44FF-B877-5D7DF60520CF}.Release|Any CPU.ActiveCfg = Release|Any CPU
		{95571AEB-5522-44FF-B877-5D7DF60520CF}.Release|Any CPU.Build.0 = Release|Any CPU
		{B648B818-1309-4BA9-8833-87E88F6689A4}.Debug|Any CPU.ActiveCfg = Debug|Any CPU
		{B648B818-1309-4BA9-8833-87E88F6689A4}.Debug|Any CPU.Build.0 = Debug|Any CPU
		{B648B818-1309-4BA9-8833-87E88F6689A4}.Release|Any CPU.ActiveCfg = Release|Any CPU
		{B648B818-1309-4BA9-8833-87E88F6689A4}.Release|Any CPU.Build.0 = Release|Any CPU
		{04800054-E318-46E3-AABB-64A3E7A90CBB}.Debug|Any CPU.ActiveCfg = Debug|Any CPU
		{04800054-E318-46E3-AABB-64A3E7A90CBB}.Debug|Any CPU.Build.0 = Debug|Any CPU
		{04800054-E318-46E3-AABB-64A3E7A90CBB}.Release|Any CPU.ActiveCfg = Release|Any CPU
		{04800054-E318-46E3-AABB-64A3E7A90CBB}.Release|Any CPU.Build.0 = Release|Any CPU
		{8F57156A-CCDC-4FA0-81E9-3D01FA0AD5A0}.Debug|Any CPU.ActiveCfg = Debug|Any CPU
		{8F57156A-CCDC-4FA0-81E9-3D01FA0AD5A0}.Debug|Any CPU.Build.0 = Debug|Any CPU
		{8F57156A-CCDC-4FA0-81E9-3D01FA0AD5A0}.Release|Any CPU.ActiveCfg = Release|Any CPU
		{8F57156A-CCDC-4FA0-81E9-3D01FA0AD5A0}.Release|Any CPU.Build.0 = Release|Any CPU
		{12DDBA09-0CA0-4D45-8B3B-D5F5075A6FE7}.Debug|Any CPU.ActiveCfg = Debug|Any CPU
		{12DDBA09-0CA0-4D45-8B3B-D5F5075A6FE7}.Debug|Any CPU.Build.0 = Debug|Any CPU
		{12DDBA09-0CA0-4D45-8B3B-D5F5075A6FE7}.Release|Any CPU.ActiveCfg = Release|Any CPU
		{12DDBA09-0CA0-4D45-8B3B-D5F5075A6FE7}.Release|Any CPU.Build.0 = Release|Any CPU
		{30E271A7-956E-47AE-A7EF-7F2D2FEB2822}.Debug|Any CPU.ActiveCfg = Debug|Any CPU
		{30E271A7-956E-47AE-A7EF-7F2D2FEB2822}.Debug|Any CPU.Build.0 = Debug|Any CPU
		{30E271A7-956E-47AE-A7EF-7F2D2FEB2822}.Release|Any CPU.ActiveCfg = Release|Any CPU
		{30E271A7-956E-47AE-A7EF-7F2D2FEB2822}.Release|Any CPU.Build.0 = Release|Any CPU
		{4DEB79B7-0A58-4E75-B5CD-E4B214EDF2DA}.Debug|Any CPU.ActiveCfg = Debug|Any CPU
		{4DEB79B7-0A58-4E75-B5CD-E4B214EDF2DA}.Debug|Any CPU.Build.0 = Debug|Any CPU
		{4DEB79B7-0A58-4E75-B5CD-E4B214EDF2DA}.Release|Any CPU.ActiveCfg = Release|Any CPU
		{4DEB79B7-0A58-4E75-B5CD-E4B214EDF2DA}.Release|Any CPU.Build.0 = Release|Any CPU
		{D60CC6C2-AB44-4C6C-8206-9F0D2909F9C4}.Debug|Any CPU.ActiveCfg = Debug|Any CPU
		{D60CC6C2-AB44-4C6C-8206-9F0D2909F9C4}.Debug|Any CPU.Build.0 = Debug|Any CPU
		{D60CC6C2-AB44-4C6C-8206-9F0D2909F9C4}.Release|Any CPU.ActiveCfg = Release|Any CPU
		{D60CC6C2-AB44-4C6C-8206-9F0D2909F9C4}.Release|Any CPU.Build.0 = Release|Any CPU
		{B0E56D9E-6E61-49EA-AD22-1FCF5247FE21}.Debug|Any CPU.ActiveCfg = Debug|Any CPU
		{B0E56D9E-6E61-49EA-AD22-1FCF5247FE21}.Debug|Any CPU.Build.0 = Debug|Any CPU
		{B0E56D9E-6E61-49EA-AD22-1FCF5247FE21}.Release|Any CPU.ActiveCfg = Release|Any CPU
		{B0E56D9E-6E61-49EA-AD22-1FCF5247FE21}.Release|Any CPU.Build.0 = Release|Any CPU
		{6D954EA7-F1DD-4883-82E6-A8A633006D27}.Debug|Any CPU.ActiveCfg = Debug|Any CPU
		{6D954EA7-F1DD-4883-82E6-A8A633006D27}.Debug|Any CPU.Build.0 = Debug|Any CPU
		{6D954EA7-F1DD-4883-82E6-A8A633006D27}.Release|Any CPU.ActiveCfg = Release|Any CPU
		{6D954EA7-F1DD-4883-82E6-A8A633006D27}.Release|Any CPU.Build.0 = Release|Any CPU
		{B961CE79-ACBF-4227-9470-BBFE92EB1EB7}.Debug|Any CPU.ActiveCfg = Debug|Any CPU
		{B961CE79-ACBF-4227-9470-BBFE92EB1EB7}.Debug|Any CPU.Build.0 = Debug|Any CPU
		{B961CE79-ACBF-4227-9470-BBFE92EB1EB7}.Release|Any CPU.ActiveCfg = Release|Any CPU
		{B961CE79-ACBF-4227-9470-BBFE92EB1EB7}.Release|Any CPU.Build.0 = Release|Any CPU
		{CC2F8677-A6EC-4F03-B2FD-EED8A602B130}.Debug|Any CPU.ActiveCfg = Debug|Any CPU
		{CC2F8677-A6EC-4F03-B2FD-EED8A602B130}.Debug|Any CPU.Build.0 = Debug|Any CPU
		{CC2F8677-A6EC-4F03-B2FD-EED8A602B130}.Release|Any CPU.ActiveCfg = Release|Any CPU
		{CC2F8677-A6EC-4F03-B2FD-EED8A602B130}.Release|Any CPU.Build.0 = Release|Any CPU
		{7947DC72-779C-4775-A2D5-74CFB3D14566}.Debug|Any CPU.ActiveCfg = Debug|Any CPU
		{7947DC72-779C-4775-A2D5-74CFB3D14566}.Debug|Any CPU.Build.0 = Debug|Any CPU
		{7947DC72-779C-4775-A2D5-74CFB3D14566}.Release|Any CPU.ActiveCfg = Release|Any CPU
		{7947DC72-779C-4775-A2D5-74CFB3D14566}.Release|Any CPU.Build.0 = Release|Any CPU
		{FCF963A4-65BE-4E7F-82F4-344480E3524A}.Debug|Any CPU.ActiveCfg = Debug|Any CPU
		{FCF963A4-65BE-4E7F-82F4-344480E3524A}.Debug|Any CPU.Build.0 = Debug|Any CPU
		{FCF963A4-65BE-4E7F-82F4-344480E3524A}.Release|Any CPU.ActiveCfg = Release|Any CPU
		{FCF963A4-65BE-4E7F-82F4-344480E3524A}.Release|Any CPU.Build.0 = Release|Any CPU
		{7E05520C-8B97-4B85-BBC2-F58A23BDC730}.Debug|Any CPU.ActiveCfg = Debug|Any CPU
		{7E05520C-8B97-4B85-BBC2-F58A23BDC730}.Debug|Any CPU.Build.0 = Debug|Any CPU
		{7E05520C-8B97-4B85-BBC2-F58A23BDC730}.Release|Any CPU.ActiveCfg = Release|Any CPU
		{7E05520C-8B97-4B85-BBC2-F58A23BDC730}.Release|Any CPU.Build.0 = Release|Any CPU
		{4FC1CB01-C035-4484-A688-010C7013A0E7}.Debug|Any CPU.ActiveCfg = Debug|Any CPU
		{4FC1CB01-C035-4484-A688-010C7013A0E7}.Debug|Any CPU.Build.0 = Debug|Any CPU
		{4FC1CB01-C035-4484-A688-010C7013A0E7}.Release|Any CPU.ActiveCfg = Release|Any CPU
		{4FC1CB01-C035-4484-A688-010C7013A0E7}.Release|Any CPU.Build.0 = Release|Any CPU
		{5FA3BE65-5757-4394-872E-C2CF055EF767}.Debug|Any CPU.ActiveCfg = Debug|Any CPU
		{5FA3BE65-5757-4394-872E-C2CF055EF767}.Debug|Any CPU.Build.0 = Debug|Any CPU
		{5FA3BE65-5757-4394-872E-C2CF055EF767}.Release|Any CPU.ActiveCfg = Release|Any CPU
		{5FA3BE65-5757-4394-872E-C2CF055EF767}.Release|Any CPU.Build.0 = Release|Any CPU
		{14E22FC6-837B-41A9-92BB-26FC25340EE2}.Debug|Any CPU.ActiveCfg = Debug|Any CPU
		{14E22FC6-837B-41A9-92BB-26FC25340EE2}.Debug|Any CPU.Build.0 = Debug|Any CPU
		{14E22FC6-837B-41A9-92BB-26FC25340EE2}.Release|Any CPU.ActiveCfg = Release|Any CPU
		{14E22FC6-837B-41A9-92BB-26FC25340EE2}.Release|Any CPU.Build.0 = Release|Any CPU
		{4853A5DF-DFD8-4004-8F80-44F0A556831C}.Debug|Any CPU.ActiveCfg = Debug|Any CPU
		{4853A5DF-DFD8-4004-8F80-44F0A556831C}.Debug|Any CPU.Build.0 = Debug|Any CPU
		{4853A5DF-DFD8-4004-8F80-44F0A556831C}.Release|Any CPU.ActiveCfg = Release|Any CPU
		{4853A5DF-DFD8-4004-8F80-44F0A556831C}.Release|Any CPU.Build.0 = Release|Any CPU
		{0BAD841E-7111-4F5F-B170-22EF2EB94D9C}.Debug|Any CPU.ActiveCfg = Debug|Any CPU
		{0BAD841E-7111-4F5F-B170-22EF2EB94D9C}.Debug|Any CPU.Build.0 = Debug|Any CPU
		{0BAD841E-7111-4F5F-B170-22EF2EB94D9C}.Release|Any CPU.ActiveCfg = Release|Any CPU
		{0BAD841E-7111-4F5F-B170-22EF2EB94D9C}.Release|Any CPU.Build.0 = Release|Any CPU
		{3209E727-218A-46EB-BBD5-EF0C6DF4C55C}.Debug|Any CPU.ActiveCfg = Debug|Any CPU
		{3209E727-218A-46EB-BBD5-EF0C6DF4C55C}.Debug|Any CPU.Build.0 = Debug|Any CPU
		{3209E727-218A-46EB-BBD5-EF0C6DF4C55C}.Release|Any CPU.ActiveCfg = Release|Any CPU
		{3209E727-218A-46EB-BBD5-EF0C6DF4C55C}.Release|Any CPU.Build.0 = Release|Any CPU
		{7FA470AB-8BB8-4A27-8D0D-C6E6C071C5F8}.Debug|Any CPU.ActiveCfg = Debug|Any CPU
		{7FA470AB-8BB8-4A27-8D0D-C6E6C071C5F8}.Debug|Any CPU.Build.0 = Debug|Any CPU
		{7FA470AB-8BB8-4A27-8D0D-C6E6C071C5F8}.Release|Any CPU.ActiveCfg = Release|Any CPU
		{7FA470AB-8BB8-4A27-8D0D-C6E6C071C5F8}.Release|Any CPU.Build.0 = Release|Any CPU
		{E7140EAE-7EC2-4226-8EFE-F15EB2178654}.Debug|Any CPU.ActiveCfg = Debug|Any CPU
		{E7140EAE-7EC2-4226-8EFE-F15EB2178654}.Debug|Any CPU.Build.0 = Debug|Any CPU
		{E7140EAE-7EC2-4226-8EFE-F15EB2178654}.Release|Any CPU.ActiveCfg = Release|Any CPU
		{E7140EAE-7EC2-4226-8EFE-F15EB2178654}.Release|Any CPU.Build.0 = Release|Any CPU
		{A89893CC-2F6C-4BE5-971C-CD9AD95636E9}.Debug|Any CPU.ActiveCfg = Debug|Any CPU
		{A89893CC-2F6C-4BE5-971C-CD9AD95636E9}.Debug|Any CPU.Build.0 = Debug|Any CPU
		{A89893CC-2F6C-4BE5-971C-CD9AD95636E9}.Release|Any CPU.ActiveCfg = Release|Any CPU
		{A89893CC-2F6C-4BE5-971C-CD9AD95636E9}.Release|Any CPU.Build.0 = Release|Any CPU
		{7D584BDA-8FD8-49C9-8C23-34DB200C9586}.Debug|Any CPU.ActiveCfg = Debug|Any CPU
		{7D584BDA-8FD8-49C9-8C23-34DB200C9586}.Debug|Any CPU.Build.0 = Debug|Any CPU
		{7D584BDA-8FD8-49C9-8C23-34DB200C9586}.Release|Any CPU.ActiveCfg = Release|Any CPU
		{7D584BDA-8FD8-49C9-8C23-34DB200C9586}.Release|Any CPU.Build.0 = Release|Any CPU
		{AA247FA4-5BB2-4721-A28F-5B9545AD8C86}.Debug|Any CPU.ActiveCfg = Debug|Any CPU
		{AA247FA4-5BB2-4721-A28F-5B9545AD8C86}.Debug|Any CPU.Build.0 = Debug|Any CPU
		{AA247FA4-5BB2-4721-A28F-5B9545AD8C86}.Release|Any CPU.ActiveCfg = Release|Any CPU
		{AA247FA4-5BB2-4721-A28F-5B9545AD8C86}.Release|Any CPU.Build.0 = Release|Any CPU
		{99260E03-217F-46D3-9B8B-649A87CF266A}.Debug|Any CPU.ActiveCfg = Debug|Any CPU
		{99260E03-217F-46D3-9B8B-649A87CF266A}.Debug|Any CPU.Build.0 = Debug|Any CPU
		{99260E03-217F-46D3-9B8B-649A87CF266A}.Release|Any CPU.ActiveCfg = Release|Any CPU
		{99260E03-217F-46D3-9B8B-649A87CF266A}.Release|Any CPU.Build.0 = Release|Any CPU
		{2010CAD4-1C3B-4DF7-848C-82E96218A819}.Debug|Any CPU.ActiveCfg = Debug|Any CPU
		{2010CAD4-1C3B-4DF7-848C-82E96218A819}.Debug|Any CPU.Build.0 = Debug|Any CPU
		{2010CAD4-1C3B-4DF7-848C-82E96218A819}.Release|Any CPU.ActiveCfg = Release|Any CPU
		{2010CAD4-1C3B-4DF7-848C-82E96218A819}.Release|Any CPU.Build.0 = Release|Any CPU
		{4F38BDB0-78DE-46F3-9127-B812103C854F}.Debug|Any CPU.ActiveCfg = Debug|Any CPU
		{4F38BDB0-78DE-46F3-9127-B812103C854F}.Debug|Any CPU.Build.0 = Debug|Any CPU
		{4F38BDB0-78DE-46F3-9127-B812103C854F}.Release|Any CPU.ActiveCfg = Release|Any CPU
		{4F38BDB0-78DE-46F3-9127-B812103C854F}.Release|Any CPU.Build.0 = Release|Any CPU
		{0A76C092-9218-42A9-AB15-BC0B4BD24083}.Debug|Any CPU.ActiveCfg = Debug|Any CPU
		{0A76C092-9218-42A9-AB15-BC0B4BD24083}.Debug|Any CPU.Build.0 = Debug|Any CPU
		{0A76C092-9218-42A9-AB15-BC0B4BD24083}.Release|Any CPU.ActiveCfg = Release|Any CPU
		{0A76C092-9218-42A9-AB15-BC0B4BD24083}.Release|Any CPU.Build.0 = Release|Any CPU
		{54EEDEBC-AE60-4FB4-A2D9-EA69516751E7}.Debug|Any CPU.ActiveCfg = Debug|Any CPU
		{54EEDEBC-AE60-4FB4-A2D9-EA69516751E7}.Debug|Any CPU.Build.0 = Debug|Any CPU
		{54EEDEBC-AE60-4FB4-A2D9-EA69516751E7}.Release|Any CPU.ActiveCfg = Release|Any CPU
		{54EEDEBC-AE60-4FB4-A2D9-EA69516751E7}.Release|Any CPU.Build.0 = Release|Any CPU
		{4A4E9DB2-743C-4967-9EAC-E852A1FD58E4}.Debug|Any CPU.ActiveCfg = Debug|Any CPU
		{4A4E9DB2-743C-4967-9EAC-E852A1FD58E4}.Debug|Any CPU.Build.0 = Debug|Any CPU
		{4A4E9DB2-743C-4967-9EAC-E852A1FD58E4}.Release|Any CPU.ActiveCfg = Release|Any CPU
		{4A4E9DB2-743C-4967-9EAC-E852A1FD58E4}.Release|Any CPU.Build.0 = Release|Any CPU
		{5E1674A3-8FB5-4F96-B1DE-56312B6B7F90}.Debug|Any CPU.ActiveCfg = Debug|Any CPU
		{5E1674A3-8FB5-4F96-B1DE-56312B6B7F90}.Debug|Any CPU.Build.0 = Debug|Any CPU
		{5E1674A3-8FB5-4F96-B1DE-56312B6B7F90}.Release|Any CPU.ActiveCfg = Release|Any CPU
		{5E1674A3-8FB5-4F96-B1DE-56312B6B7F90}.Release|Any CPU.Build.0 = Release|Any CPU
	EndGlobalSection
	GlobalSection(SolutionProperties) = preSolution
		HideSolutionNode = FALSE
	EndGlobalSection
	GlobalSection(NestedProjects) = preSolution
		{36F88865-CD87-4011-9E44-3ED5990D4ED9} = {9CD3D2C1-96CC-4062-9BE4-96EF7306CABE}
		{670A008A-881D-44C5-871C-23B2EC724190} = {36F88865-CD87-4011-9E44-3ED5990D4ED9}
		{3C1570F7-4F75-4F50-994B-FD0926E997D6} = {E2A690AD-FB40-40EB-A4F2-BC5C95BF4D70}
		{BCF7B7D0-FF88-4E73-80EC-2DB79A8974BB} = {F369C120-05D7-427A-8236-CC7E2DDF1E46}
		{E2A690AD-FB40-40EB-A4F2-BC5C95BF4D70} = {9CD3D2C1-96CC-4062-9BE4-96EF7306CABE}
		{7E6DA536-90BD-4F92-9A76-6B4D13680C0B} = {9CD3D2C1-96CC-4062-9BE4-96EF7306CABE}
		{E54F329E-DDC5-491E-8D40-65E95EED240B} = {7E6DA536-90BD-4F92-9A76-6B4D13680C0B}
		{F369C120-05D7-427A-8236-CC7E2DDF1E46} = {9CD3D2C1-96CC-4062-9BE4-96EF7306CABE}
		{98BD1E8F-0AD0-4963-93F0-285F576487D1} = {9CD3D2C1-96CC-4062-9BE4-96EF7306CABE}
		{3AE9F2AB-B6FD-409A-A36E-39AC084EEB63} = {98BD1E8F-0AD0-4963-93F0-285F576487D1}
		{41970624-0A59-4F2D-AB4C-9F40C60B3B3A} = {9CD3D2C1-96CC-4062-9BE4-96EF7306CABE}
		{6CBD3D2E-22DD-45ED-8E33-ABCA45C1AA56} = {41970624-0A59-4F2D-AB4C-9F40C60B3B3A}
		{5618D6FC-D18A-4EB0-9CF5-D3E855BA34BE} = {9CD3D2C1-96CC-4062-9BE4-96EF7306CABE}
		{AF6289B2-B4F4-4131-AD71-A397D6B06690} = {5618D6FC-D18A-4EB0-9CF5-D3E855BA34BE}
		{05802203-C23A-48D3-93B0-158E8597DA0C} = {9CD3D2C1-96CC-4062-9BE4-96EF7306CABE}
		{005FAB2C-D4EA-4B5A-8D4D-EF9AAF7368C2} = {05802203-C23A-48D3-93B0-158E8597DA0C}
		{E3D1B660-4186-4A8E-A6A1-80D52BF9F65C} = {9CD3D2C1-96CC-4062-9BE4-96EF7306CABE}
		{743F9A63-AAB7-4441-A776-D9159EBFDB53} = {E3D1B660-4186-4A8E-A6A1-80D52BF9F65C}
		{18A4FB0D-CE46-4A88-9939-D01C1CE35BCD} = {9CD3D2C1-96CC-4062-9BE4-96EF7306CABE}
		{4D1FD96F-036B-4B81-AE74-C781C0897143} = {18A4FB0D-CE46-4A88-9939-D01C1CE35BCD}
		{84B232F6-BCBE-440A-946F-EE8DC19E20F7} = {9CD3D2C1-96CC-4062-9BE4-96EF7306CABE}
		{4044EB75-BBE3-4050-8092-5DD7F2C835C9} = {84B232F6-BCBE-440A-946F-EE8DC19E20F7}
		{00D5F971-4F33-4421-AE3F-61A0AF562420} = {9CD3D2C1-96CC-4062-9BE4-96EF7306CABE}
		{C657E3A3-C18A-49E8-863D-C201B055F43B} = {00D5F971-4F33-4421-AE3F-61A0AF562420}
		{8CE8BB30-213D-466C-801E-00893F8772CD} = {9CD3D2C1-96CC-4062-9BE4-96EF7306CABE}
		{26EEA17E-3E06-4676-8FEC-15C0DA05ADC8} = {8CE8BB30-213D-466C-801E-00893F8772CD}
		{3B304A3F-18FE-40F3-A931-8647995D1EF7} = {9CD3D2C1-96CC-4062-9BE4-96EF7306CABE}
		{C2907162-8DBF-4405-A7C9-B7DDDE421055} = {3B304A3F-18FE-40F3-A931-8647995D1EF7}
		{C7B13C81-4CA1-4833-8199-90D497249366} = {9CD3D2C1-96CC-4062-9BE4-96EF7306CABE}
		{E5625232-F250-4DE5-9C66-534BF6BD248D} = {C7B13C81-4CA1-4833-8199-90D497249366}
		{8978AF60-F556-48BE-9550-395E7BF540C3} = {9CD3D2C1-96CC-4062-9BE4-96EF7306CABE}
		{80096491-0478-4379-AA5D-7C7D5CDE4563} = {8978AF60-F556-48BE-9550-395E7BF540C3}
		{A4689C13-A0E8-4F3C-98C0-094EED4A6724} = {9CD3D2C1-96CC-4062-9BE4-96EF7306CABE}
		{3A3F0F9B-D4FF-45FE-87A2-C30C38B367F6} = {A4689C13-A0E8-4F3C-98C0-094EED4A6724}
		{106BEC8D-C45C-46B7-A7B8-5B50F330D842} = {9CD3D2C1-96CC-4062-9BE4-96EF7306CABE}
		{96C483B5-7DCB-4DA1-8E0A-E5E5FAE00112} = {106BEC8D-C45C-46B7-A7B8-5B50F330D842}
		{9F2D7739-E5F4-4128-A48D-4AADED302971} = {9CD3D2C1-96CC-4062-9BE4-96EF7306CABE}
		{28E06209-4C15-49F7-BB39-3A4B5FB3DEDF} = {9F2D7739-E5F4-4128-A48D-4AADED302971}
		{2FF5CBC8-AD7B-4956-839A-BC6F0CB43916} = {9CD3D2C1-96CC-4062-9BE4-96EF7306CABE}
		{33CF7B0B-3B05-423B-9641-0E86E434A91C} = {2FF5CBC8-AD7B-4956-839A-BC6F0CB43916}
		{5CEBDC7F-2427-45BA-A75F-C3603B758C33} = {9CD3D2C1-96CC-4062-9BE4-96EF7306CABE}
		{02132BD9-BDE4-4FEF-8BAD-FF34F758DA51} = {5CEBDC7F-2427-45BA-A75F-C3603B758C33}
		{8D6C3FFC-D58B-41D6-A29D-D51483830D22} = {9CD3D2C1-96CC-4062-9BE4-96EF7306CABE}
		{818EE358-DBE7-4329-9DB1-1F334AD47A54} = {9CD3D2C1-96CC-4062-9BE4-96EF7306CABE}
		{683FC538-C5B0-42A7-A633-48B3554A44FA} = {8D6C3FFC-D58B-41D6-A29D-D51483830D22}
		{F3C28C0F-13A5-4427-A389-2568DC4CB42E} = {818EE358-DBE7-4329-9DB1-1F334AD47A54}
		{FA77B5D2-2C25-4538-9C2F-DADA199EC47A} = {9CD3D2C1-96CC-4062-9BE4-96EF7306CABE}
		{12764ADA-C67C-4E74-93E4-62990211B6E4} = {FA77B5D2-2C25-4538-9C2F-DADA199EC47A}
		{7E672315-025B-4939-A21F-6059019FC021} = {9CD3D2C1-96CC-4062-9BE4-96EF7306CABE}
		{9F2B8238-408C-4983-A2A1-2FE23C701312} = {9CD3D2C1-96CC-4062-9BE4-96EF7306CABE}
		{8DE73B62-71F5-4FCB-900A-9B60711D5387} = {9F2B8238-408C-4983-A2A1-2FE23C701312}
		{D7663B5E-D95C-4E81-B7C5-140E0708F6B0} = {9CD3D2C1-96CC-4062-9BE4-96EF7306CABE}
		{39824896-416E-476F-ACEA-5A0A8105A02A} = {D7663B5E-D95C-4E81-B7C5-140E0708F6B0}
		{3671671B-943D-4F49-A5CE-863D098BEB13} = {9CD3D2C1-96CC-4062-9BE4-96EF7306CABE}
		{331484DA-73EC-4DC7-B187-21F99FC40396} = {3671671B-943D-4F49-A5CE-863D098BEB13}
		{B11028F1-2A01-4F67-8D86-97C36CFDE54E} = {9CD3D2C1-96CC-4062-9BE4-96EF7306CABE}
		{3D365647-DE0A-4286-98FA-8420E0C8D796} = {B11028F1-2A01-4F67-8D86-97C36CFDE54E}
		{BCEAB7FD-CABA-4604-A8ED-0F1D6C15B730} = {9CD3D2C1-96CC-4062-9BE4-96EF7306CABE}
		{E3F28BF5-9EB0-4AD0-8473-0C17C773F11B} = {9CD3D2C1-96CC-4062-9BE4-96EF7306CABE}
		{20F5C6D3-4F95-4977-A54A-B9CCC4CF8F60} = {9CD3D2C1-96CC-4062-9BE4-96EF7306CABE}
		{24290686-4746-49B3-8D53-A75EC15935DF} = {BCEAB7FD-CABA-4604-A8ED-0F1D6C15B730}
		{E11DC45D-111E-490C-9A0C-FB82DBB805EA} = {E3F28BF5-9EB0-4AD0-8473-0C17C773F11B}
		{274974D9-CB76-49BF-9000-9FEDAEFBD3AE} = {20F5C6D3-4F95-4977-A54A-B9CCC4CF8F60}
		{97CC5F19-49A1-417F-8093-DC55CE3C9B9B} = {9CD3D2C1-96CC-4062-9BE4-96EF7306CABE}
		{6FBF1013-82A5-4BB4-96D1-55DCCAD0262C} = {97CC5F19-49A1-417F-8093-DC55CE3C9B9B}
		{E07E7584-EA6B-44E0-8AA6-D637EE41D1E1} = {9CD3D2C1-96CC-4062-9BE4-96EF7306CABE}
		{1C802D46-7ED4-4A0B-A224-9A01B472BC45} = {E07E7584-EA6B-44E0-8AA6-D637EE41D1E1}
		{60CB690D-1339-4C80-9A42-740910A95C01} = {9CD3D2C1-96CC-4062-9BE4-96EF7306CABE}
		{761C8BD5-0988-469A-9B1E-E12F444CA4AE} = {60CB690D-1339-4C80-9A42-740910A95C01}
		{09F449FE-4FCC-4DA2-8C7B-256BAE17E83A} = {9CD3D2C1-96CC-4062-9BE4-96EF7306CABE}
		{098915F7-3C41-4672-9864-BBFC0A73836E} = {09F449FE-4FCC-4DA2-8C7B-256BAE17E83A}
		{8F61E103-DC04-4A60-A397-527020DCA58C} = {9CD3D2C1-96CC-4062-9BE4-96EF7306CABE}
		{64144029-08F4-4739-A8CC-633715E9B555} = {8F61E103-DC04-4A60-A397-527020DCA58C}
		{39AA950C-C6FA-4763-B6D3-8803E51FB3F5} = {7E672315-025B-4939-A21F-6059019FC021}
		{B5F709C6-D29C-4584-AF31-69CED2011819} = {9CD3D2C1-96CC-4062-9BE4-96EF7306CABE}
		{89366285-B087-4B36-AC25-A23B58D3D72C} = {B5F709C6-D29C-4584-AF31-69CED2011819}
		{FDE376E6-CDF5-480F-9EC7-DA1C3FDBD895} = {9CD3D2C1-96CC-4062-9BE4-96EF7306CABE}
		{83B2F283-74CD-400E-BB74-F8CFF5C8310A} = {FDE376E6-CDF5-480F-9EC7-DA1C3FDBD895}
		{D652DF9F-3204-450A-A760-826E474C7892} = {9CD3D2C1-96CC-4062-9BE4-96EF7306CABE}
		{0656F000-4ED1-46A4-9F3E-2EBDA8A38A6E} = {D652DF9F-3204-450A-A760-826E474C7892}
		{3E8F61BC-8C6C-417E-9345-9F06676095F9} = {9CD3D2C1-96CC-4062-9BE4-96EF7306CABE}
		{00E9DF46-1BE8-4FEA-AE2E-ED718609685A} = {3E8F61BC-8C6C-417E-9345-9F06676095F9}
		{AFB68EC3-E26F-4E40-9F82-FE7777289345} = {9CD3D2C1-96CC-4062-9BE4-96EF7306CABE}
		{33125DBA-618F-4845-9791-6CF4313FA160} = {AFB68EC3-E26F-4E40-9F82-FE7777289345}
		{C82981AB-DA0A-428D-90AB-8E47FCF6F72D} = {9CD3D2C1-96CC-4062-9BE4-96EF7306CABE}
		{BBB9EB20-30D4-452F-8329-FAAA137D97CF} = {C82981AB-DA0A-428D-90AB-8E47FCF6F72D}
		{810A66B1-840F-4F24-9979-AA1A217D8486} = {9CD3D2C1-96CC-4062-9BE4-96EF7306CABE}
		{1DF3D2B1-6E91-4E6E-ACCA-20BCD51E1475} = {810A66B1-840F-4F24-9979-AA1A217D8486}
		{8B3AA051-9D7A-4E2F-9B11-7A304E98AF33} = {9CD3D2C1-96CC-4062-9BE4-96EF7306CABE}
		{5A0C2A1B-8D83-439F-B8CF-A3DE356C1B9E} = {8B3AA051-9D7A-4E2F-9B11-7A304E98AF33}
		{BF10CD5F-0E60-416D-805F-ECBFD50F6E63} = {9CD3D2C1-96CC-4062-9BE4-96EF7306CABE}
		{95571AEB-5522-44FF-B877-5D7DF60520CF} = {BF10CD5F-0E60-416D-805F-ECBFD50F6E63}
		{3FEF018C-E638-47C4-97CA-E98F6CAF6CC7} = {9CD3D2C1-96CC-4062-9BE4-96EF7306CABE}
		{B648B818-1309-4BA9-8833-87E88F6689A4} = {3FEF018C-E638-47C4-97CA-E98F6CAF6CC7}
		{B17CBA18-E2B4-4E23-AA91-7A73286E8900} = {9CD3D2C1-96CC-4062-9BE4-96EF7306CABE}
		{04800054-E318-46E3-AABB-64A3E7A90CBB} = {B17CBA18-E2B4-4E23-AA91-7A73286E8900}
		{E7AB40CC-1CB7-4ACB-90D0-99499780D057} = {9CD3D2C1-96CC-4062-9BE4-96EF7306CABE}
		{8F57156A-CCDC-4FA0-81E9-3D01FA0AD5A0} = {E7AB40CC-1CB7-4ACB-90D0-99499780D057}
		{384E2529-BE23-4E13-BAE6-FAC0A785B7D1} = {9CD3D2C1-96CC-4062-9BE4-96EF7306CABE}
		{12DDBA09-0CA0-4D45-8B3B-D5F5075A6FE7} = {384E2529-BE23-4E13-BAE6-FAC0A785B7D1}
		{84759F01-4B17-49D4-A511-D1231FD2C7FC} = {9CD3D2C1-96CC-4062-9BE4-96EF7306CABE}
		{30E271A7-956E-47AE-A7EF-7F2D2FEB2822} = {84759F01-4B17-49D4-A511-D1231FD2C7FC}
		{F8F2A17C-82C8-45ED-AAE2-823167356EBA} = {9CD3D2C1-96CC-4062-9BE4-96EF7306CABE}
		{4DEB79B7-0A58-4E75-B5CD-E4B214EDF2DA} = {F8F2A17C-82C8-45ED-AAE2-823167356EBA}
		{C7F41A09-E144-421C-962E-671778998661} = {9CD3D2C1-96CC-4062-9BE4-96EF7306CABE}
		{D60CC6C2-AB44-4C6C-8206-9F0D2909F9C4} = {C7F41A09-E144-421C-962E-671778998661}
		{93519F67-6864-4B4F-B748-F33CC8811210} = {9CD3D2C1-96CC-4062-9BE4-96EF7306CABE}
		{B0E56D9E-6E61-49EA-AD22-1FCF5247FE21} = {93519F67-6864-4B4F-B748-F33CC8811210}
		{207FC88A-B634-427B-8A9B-B808D79564AD} = {9CD3D2C1-96CC-4062-9BE4-96EF7306CABE}
		{6D954EA7-F1DD-4883-82E6-A8A633006D27} = {207FC88A-B634-427B-8A9B-B808D79564AD}
		{D69D12D1-AA47-4082-A80E-4E0FC1194341} = {9CD3D2C1-96CC-4062-9BE4-96EF7306CABE}
		{B961CE79-ACBF-4227-9470-BBFE92EB1EB7} = {D69D12D1-AA47-4082-A80E-4E0FC1194341}
		{F9529554-1483-44D7-AA88-85FE0B4624E7} = {9CD3D2C1-96CC-4062-9BE4-96EF7306CABE}
		{1220019A-F94A-4690-BA7B-3108DE2C438C} = {F9529554-1483-44D7-AA88-85FE0B4624E7}
		{CC2F8677-A6EC-4F03-B2FD-EED8A602B130} = {1220019A-F94A-4690-BA7B-3108DE2C438C}
		{91648EBB-55EC-440F-B1B2-E57867152FD6} = {F9529554-1483-44D7-AA88-85FE0B4624E7}
		{AEA050BF-62E7-428D-B2E4-BCDFA9C28523} = {91648EBB-55EC-440F-B1B2-E57867152FD6}
		{7947DC72-779C-4775-A2D5-74CFB3D14566} = {AEA050BF-62E7-428D-B2E4-BCDFA9C28523}
		{A6EDB0A5-C419-422C-B98C-F7F83212889C} = {F9529554-1483-44D7-AA88-85FE0B4624E7}
		{33018D85-A788-4AA2-9F5F-FA444F44D50E} = {A6EDB0A5-C419-422C-B98C-F7F83212889C}
		{FCF963A4-65BE-4E7F-82F4-344480E3524A} = {33018D85-A788-4AA2-9F5F-FA444F44D50E}
		{2843FCD8-45A4-4B1B-BC2D-9D26E7A0361C} = {9CD3D2C1-96CC-4062-9BE4-96EF7306CABE}
		{87E61278-8569-4F7B-AB42-322C444E028D} = {2843FCD8-45A4-4B1B-BC2D-9D26E7A0361C}
		{9ADA6256-9F56-4B38-884E-18DC7A99D4E2} = {2843FCD8-45A4-4B1B-BC2D-9D26E7A0361C}
		{B3B7F831-4B6C-4D29-AB16-15008A37D46C} = {2843FCD8-45A4-4B1B-BC2D-9D26E7A0361C}
		{7E05520C-8B97-4B85-BBC2-F58A23BDC730} = {87E61278-8569-4F7B-AB42-322C444E028D}
		{4FC1CB01-C035-4484-A688-010C7013A0E7} = {9ADA6256-9F56-4B38-884E-18DC7A99D4E2}
		{5FA3BE65-5757-4394-872E-C2CF055EF767} = {B3B7F831-4B6C-4D29-AB16-15008A37D46C}
		{FE9BE143-0CAA-4C22-AE7D-0464E5CA7DC8} = {9CD3D2C1-96CC-4062-9BE4-96EF7306CABE}
		{14E22FC6-837B-41A9-92BB-26FC25340EE2} = {FE9BE143-0CAA-4C22-AE7D-0464E5CA7DC8}
		{0AF30470-ABF2-4C04-9A43-8DDC16A32018} = {F9529554-1483-44D7-AA88-85FE0B4624E7}
		{439DAD7B-5F15-495B-B193-B853773CF252} = {0AF30470-ABF2-4C04-9A43-8DDC16A32018}
		{9C08961E-8B36-47EB-ADE6-63A34C03CA9B} = {439DAD7B-5F15-495B-B193-B853773CF252}
		{9FC57745-29AE-4DA5-96F0-769E2696407C} = {439DAD7B-5F15-495B-B193-B853773CF252}
		{4853A5DF-DFD8-4004-8F80-44F0A556831C} = {0AF30470-ABF2-4C04-9A43-8DDC16A32018}
		{0BAD841E-7111-4F5F-B170-22EF2EB94D9C} = {0AF30470-ABF2-4C04-9A43-8DDC16A32018}
		{3209E727-218A-46EB-BBD5-EF0C6DF4C55C} = {0AF30470-ABF2-4C04-9A43-8DDC16A32018}
		{7FA470AB-8BB8-4A27-8D0D-C6E6C071C5F8} = {0AF30470-ABF2-4C04-9A43-8DDC16A32018}
		{E7140EAE-7EC2-4226-8EFE-F15EB2178654} = {0AF30470-ABF2-4C04-9A43-8DDC16A32018}
		{EDC74A37-0C09-40BA-B71B-6A572099E116} = {9CD3D2C1-96CC-4062-9BE4-96EF7306CABE}
		{A89893CC-2F6C-4BE5-971C-CD9AD95636E9} = {EDC74A37-0C09-40BA-B71B-6A572099E116}
		{7D584BDA-8FD8-49C9-8C23-34DB200C9586} = {EDC74A37-0C09-40BA-B71B-6A572099E116}
		{AA247FA4-5BB2-4721-A28F-5B9545AD8C86} = {EDC74A37-0C09-40BA-B71B-6A572099E116}
		{99260E03-217F-46D3-9B8B-649A87CF266A} = {EDC74A37-0C09-40BA-B71B-6A572099E116}
		{2010CAD4-1C3B-4DF7-848C-82E96218A819} = {EDC74A37-0C09-40BA-B71B-6A572099E116}
		{4F38BDB0-78DE-46F3-9127-B812103C854F} = {EDC74A37-0C09-40BA-B71B-6A572099E116}
		{0A76C092-9218-42A9-AB15-BC0B4BD24083} = {EDC74A37-0C09-40BA-B71B-6A572099E116}
		{54EEDEBC-AE60-4FB4-A2D9-EA69516751E7} = {EDC74A37-0C09-40BA-B71B-6A572099E116}
		{4A4E9DB2-743C-4967-9EAC-E852A1FD58E4} = {EDC74A37-0C09-40BA-B71B-6A572099E116}
		{5E1674A3-8FB5-4F96-B1DE-56312B6B7F90} = {EDC74A37-0C09-40BA-B71B-6A572099E116}
	EndGlobalSection
	GlobalSection(ExtensibilityGlobals) = postSolution
		SolutionGuid = {35D279D5-6328-41A9-94C8-B4AA3D633D3B}
	EndGlobalSection
EndGlobal
